// !$*UTF8*$!
{
	archiveVersion = 1;
	classes = {
	};
	objectVersion = 46;
	objects = {

/* Begin PBXBuildFile section */
		3A04D8AF19B55704006E463C /* YcKeyBoardView.m in Sources */ = {isa = PBXBuildFile; fileRef = 3A04D8AE19B55704006E463C /* YcKeyBoardView.m */; };
		3A13857519AC3A9D009D63FF /* QueList.m in Sources */ = {isa = PBXBuildFile; fileRef = 3A13857419AC3A9D009D63FF /* QueList.m */; };
		3A22CB5D19B0253D00D37DE3 /* CommnetDetailController.m in Sources */ = {isa = PBXBuildFile; fileRef = 3A22CB5C19B0253D00D37DE3 /* CommnetDetailController.m */; };
		3A232C8219A7458B00173FC7 /* libz.dylib in Frameworks */ = {isa = PBXBuildFile; fileRef = 3A232C8119A7458B00173FC7 /* libz.dylib */; };
		3A232C8B19A747D400173FC7 /* JSONKit.m in Sources */ = {isa = PBXBuildFile; fileRef = 3A232C8A19A747D400173FC7 /* JSONKit.m */; settings = {COMPILER_FLAGS = "-fno-objc-arc"; }; };
		3A25C93A19A5758E002305A0 /* Foundation.framework in Frameworks */ = {isa = PBXBuildFile; fileRef = 3A25C93919A5758E002305A0 /* Foundation.framework */; };
		3A25C93C19A5758E002305A0 /* CoreGraphics.framework in Frameworks */ = {isa = PBXBuildFile; fileRef = 3A25C93B19A5758E002305A0 /* CoreGraphics.framework */; };
		3A25C93E19A5758E002305A0 /* UIKit.framework in Frameworks */ = {isa = PBXBuildFile; fileRef = 3A25C93D19A5758E002305A0 /* UIKit.framework */; };
		3A25C94419A5758E002305A0 /* InfoPlist.strings in Resources */ = {isa = PBXBuildFile; fileRef = 3A25C94219A5758E002305A0 /* InfoPlist.strings */; };
		3A25C94619A5758E002305A0 /* main.m in Sources */ = {isa = PBXBuildFile; fileRef = 3A25C94519A5758E002305A0 /* main.m */; };
		3A25C94A19A5758E002305A0 /* AppDelegate.m in Sources */ = {isa = PBXBuildFile; fileRef = 3A25C94919A5758E002305A0 /* AppDelegate.m */; };
		3A25C95219A5758E002305A0 /* Images.xcassets in Resources */ = {isa = PBXBuildFile; fileRef = 3A25C95119A5758E002305A0 /* Images.xcassets */; };
		3A25C95919A5758E002305A0 /* XCTest.framework in Frameworks */ = {isa = PBXBuildFile; fileRef = 3A25C95819A5758E002305A0 /* XCTest.framework */; };
		3A25C95A19A5758E002305A0 /* Foundation.framework in Frameworks */ = {isa = PBXBuildFile; fileRef = 3A25C93919A5758E002305A0 /* Foundation.framework */; };
		3A25C95B19A5758E002305A0 /* UIKit.framework in Frameworks */ = {isa = PBXBuildFile; fileRef = 3A25C93D19A5758E002305A0 /* UIKit.framework */; };
		3A25C96319A5758E002305A0 /* InfoPlist.strings in Resources */ = {isa = PBXBuildFile; fileRef = 3A25C96119A5758E002305A0 /* InfoPlist.strings */; };
		3A25C96519A5758E002305A0 /* tbswdTests.m in Sources */ = {isa = PBXBuildFile; fileRef = 3A25C96419A5758E002305A0 /* tbswdTests.m */; };
		3A25C98A19A57660002305A0 /* BaseUIViewController.m in Sources */ = {isa = PBXBuildFile; fileRef = 3A25C97019A57660002305A0 /* BaseUIViewController.m */; };
		3A25C98B19A57660002305A0 /* IndexController.m in Sources */ = {isa = PBXBuildFile; fileRef = 3A25C97319A57660002305A0 /* IndexController.m */; };
		3A25C98C19A57660002305A0 /* LoginController.m in Sources */ = {isa = PBXBuildFile; fileRef = 3A25C97519A57660002305A0 /* LoginController.m */; };
		3A25C98D19A57660002305A0 /* NewPwdController.m in Sources */ = {isa = PBXBuildFile; fileRef = 3A25C97719A57660002305A0 /* NewPwdController.m */; };
		3A25C98E19A57660002305A0 /* RegisterController.m in Sources */ = {isa = PBXBuildFile; fileRef = 3A25C97919A57660002305A0 /* RegisterController.m */; };
		3A25C98F19A57660002305A0 /* MessageController.m in Sources */ = {isa = PBXBuildFile; fileRef = 3A25C97D19A57660002305A0 /* MessageController.m */; };
		3A25C99019A57660002305A0 /* MineController.m in Sources */ = {isa = PBXBuildFile; fileRef = 3A25C98019A57660002305A0 /* MineController.m */; };
		3A25C99119A57660002305A0 /* ReplyController.m in Sources */ = {isa = PBXBuildFile; fileRef = 3A25C98319A57660002305A0 /* ReplyController.m */; };
		3A25C99219A57660002305A0 /* QueListController.m in Sources */ = {isa = PBXBuildFile; fileRef = 3A25C98619A57660002305A0 /* QueListController.m */; };
		3A25C99319A57660002305A0 /* WriteQueController.m in Sources */ = {isa = PBXBuildFile; fileRef = 3A25C98919A57660002305A0 /* WriteQueController.m */; };
		3A25C99719A57668002305A0 /* Config.m in Sources */ = {isa = PBXBuildFile; fileRef = 3A25C99619A57668002305A0 /* Config.m */; };
		3A25C9A919A5766D002305A0 /* bg_edit_forget.png in Resources */ = {isa = PBXBuildFile; fileRef = 3A25C99C19A5766D002305A0 /* bg_edit_forget.png */; };
		3A25C9AA19A5766D002305A0 /* bg_edit_login.png in Resources */ = {isa = PBXBuildFile; fileRef = 3A25C99D19A5766D002305A0 /* bg_edit_login.png */; };
		3A25C9AB19A5766D002305A0 /* bg_edit_newpwd.png in Resources */ = {isa = PBXBuildFile; fileRef = 3A25C99E19A5766D002305A0 /* bg_edit_newpwd.png */; };
		3A25C9AC19A5766D002305A0 /* bg_edit_register.png in Resources */ = {isa = PBXBuildFile; fileRef = 3A25C99F19A5766D002305A0 /* bg_edit_register.png */; };
		3A25C9AE19A5766D002305A0 /* bg_page_index.png in Resources */ = {isa = PBXBuildFile; fileRef = 3A25C9A119A5766D002305A0 /* bg_page_index.png */; };
		3A25C9AF19A5766D002305A0 /* btn_back.png in Resources */ = {isa = PBXBuildFile; fileRef = 3A25C9A219A5766D002305A0 /* btn_back.png */; };
		3A25C9B019A5766D002305A0 /* btn_getcode.png in Resources */ = {isa = PBXBuildFile; fileRef = 3A25C9A319A5766D002305A0 /* btn_getcode.png */; };
		3A25C9B119A5766D002305A0 /* btn_login.png in Resources */ = {isa = PBXBuildFile; fileRef = 3A25C9A419A5766D002305A0 /* btn_login.png */; };
		3A25C9B219A5766D002305A0 /* btn_login_tx.png in Resources */ = {isa = PBXBuildFile; fileRef = 3A25C9A519A5766D002305A0 /* btn_login_tx.png */; };
		3A25C9B319A5766D002305A0 /* btn_login_weibo.png in Resources */ = {isa = PBXBuildFile; fileRef = 3A25C9A619A5766D002305A0 /* btn_login_weibo.png */; };
		3A25C9B419A5766D002305A0 /* register_logo.png in Resources */ = {isa = PBXBuildFile; fileRef = 3A25C9A719A5766D002305A0 /* register_logo.png */; };
		3A25C9D019A57671002305A0 /* AFHTTPClient.m in Sources */ = {isa = PBXBuildFile; fileRef = 3A25C9B819A57671002305A0 /* AFHTTPClient.m */; };
		3A25C9D119A57671002305A0 /* AFHTTPRequestOperation.m in Sources */ = {isa = PBXBuildFile; fileRef = 3A25C9BA19A57671002305A0 /* AFHTTPRequestOperation.m */; };
		3A25C9D219A57671002305A0 /* AFImageRequestOperation.m in Sources */ = {isa = PBXBuildFile; fileRef = 3A25C9BC19A57671002305A0 /* AFImageRequestOperation.m */; };
		3A25C9D319A57671002305A0 /* AFJSONRequestOperation.m in Sources */ = {isa = PBXBuildFile; fileRef = 3A25C9BE19A57671002305A0 /* AFJSONRequestOperation.m */; };
		3A25C9D419A57671002305A0 /* AFNetworkActivityIndicatorManager.m in Sources */ = {isa = PBXBuildFile; fileRef = 3A25C9C019A57671002305A0 /* AFNetworkActivityIndicatorManager.m */; };
		3A25C9D519A57671002305A0 /* AFPropertyListRequestOperation.m in Sources */ = {isa = PBXBuildFile; fileRef = 3A25C9C319A57671002305A0 /* AFPropertyListRequestOperation.m */; };
		3A25C9D619A57671002305A0 /* AFURLConnectionOperation.m in Sources */ = {isa = PBXBuildFile; fileRef = 3A25C9C519A57671002305A0 /* AFURLConnectionOperation.m */; };
		3A25C9D719A57671002305A0 /* AFXMLRequestOperation.m in Sources */ = {isa = PBXBuildFile; fileRef = 3A25C9C719A57671002305A0 /* AFXMLRequestOperation.m */; };
		3A25C9D819A57671002305A0 /* UIImageView+AFNetworking.m in Sources */ = {isa = PBXBuildFile; fileRef = 3A25C9C919A57671002305A0 /* UIImageView+AFNetworking.m */; };
		3A25C9D919A57671002305A0 /* GCDiscreetNotificationView.m in Sources */ = {isa = PBXBuildFile; fileRef = 3A25C9CB19A57671002305A0 /* GCDiscreetNotificationView.m */; };
		3A25C9DA19A57671002305A0 /* MBProgressHUD.m in Sources */ = {isa = PBXBuildFile; fileRef = 3A25C9CD19A57671002305A0 /* MBProgressHUD.m */; };
		3A25C9DB19A57671002305A0 /* Utils.m in Sources */ = {isa = PBXBuildFile; fileRef = 3A25C9CF19A57671002305A0 /* Utils.m */; };
		3A25C9E019A58D16002305A0 /* QueListCell.m in Sources */ = {isa = PBXBuildFile; fileRef = 3A25C9DF19A58D16002305A0 /* QueListCell.m */; };
		3A25C9F419A5BA72002305A0 /* MJRefresh.bundle in Resources */ = {isa = PBXBuildFile; fileRef = 3A25C9E419A5BA72002305A0 /* MJRefresh.bundle */; };
		3A25C9F519A5BA72002305A0 /* MJRefreshBaseView.m in Sources */ = {isa = PBXBuildFile; fileRef = 3A25C9E719A5BA72002305A0 /* MJRefreshBaseView.m */; };
		3A25C9F619A5BA72002305A0 /* MJRefreshConst.m in Sources */ = {isa = PBXBuildFile; fileRef = 3A25C9E919A5BA72002305A0 /* MJRefreshConst.m */; };
		3A25C9F719A5BA72002305A0 /* MJRefreshFooterView.m in Sources */ = {isa = PBXBuildFile; fileRef = 3A25C9EB19A5BA72002305A0 /* MJRefreshFooterView.m */; };
		3A25C9F819A5BA72002305A0 /* MJRefreshHeaderView.m in Sources */ = {isa = PBXBuildFile; fileRef = 3A25C9ED19A5BA72002305A0 /* MJRefreshHeaderView.m */; };
		3A25C9F919A5BA72002305A0 /* UIScrollView+Extension.m in Sources */ = {isa = PBXBuildFile; fileRef = 3A25C9EF19A5BA72002305A0 /* UIScrollView+Extension.m */; };
		3A25C9FA19A5BA72002305A0 /* UIScrollView+MJRefresh.m in Sources */ = {isa = PBXBuildFile; fileRef = 3A25C9F119A5BA72002305A0 /* UIScrollView+MJRefresh.m */; };
		3A25C9FB19A5BA72002305A0 /* UIView+Extension.m in Sources */ = {isa = PBXBuildFile; fileRef = 3A25C9F319A5BA72002305A0 /* UIView+Extension.m */; };
		3A45599219AECC3700EA1169 /* MKAnnotationView+WebCache.m in Sources */ = {isa = PBXBuildFile; fileRef = 3A45597219AECC3700EA1169 /* MKAnnotationView+WebCache.m */; };
		3A45599319AECC3700EA1169 /* NSData+ImageContentType.m in Sources */ = {isa = PBXBuildFile; fileRef = 3A45597419AECC3700EA1169 /* NSData+ImageContentType.m */; };
		3A45599419AECC3700EA1169 /* SDImageCache.m in Sources */ = {isa = PBXBuildFile; fileRef = 3A45597619AECC3700EA1169 /* SDImageCache.m */; };
		3A45599519AECC3700EA1169 /* SDWebImageCompat.m in Sources */ = {isa = PBXBuildFile; fileRef = 3A45597819AECC3700EA1169 /* SDWebImageCompat.m */; };
		3A45599619AECC3700EA1169 /* SDWebImageDecoder.m in Sources */ = {isa = PBXBuildFile; fileRef = 3A45597A19AECC3700EA1169 /* SDWebImageDecoder.m */; };
		3A45599719AECC3700EA1169 /* SDWebImageDownloader.m in Sources */ = {isa = PBXBuildFile; fileRef = 3A45597C19AECC3700EA1169 /* SDWebImageDownloader.m */; };
		3A45599819AECC3700EA1169 /* SDWebImageDownloaderOperation.m in Sources */ = {isa = PBXBuildFile; fileRef = 3A45597E19AECC3700EA1169 /* SDWebImageDownloaderOperation.m */; };
		3A45599919AECC3700EA1169 /* SDWebImageManager.m in Sources */ = {isa = PBXBuildFile; fileRef = 3A45598019AECC3700EA1169 /* SDWebImageManager.m */; };
		3A45599A19AECC3700EA1169 /* SDWebImagePrefetcher.m in Sources */ = {isa = PBXBuildFile; fileRef = 3A45598319AECC3700EA1169 /* SDWebImagePrefetcher.m */; };
		3A45599B19AECC3700EA1169 /* UIButton+WebCache.m in Sources */ = {isa = PBXBuildFile; fileRef = 3A45598519AECC3700EA1169 /* UIButton+WebCache.m */; };
		3A45599C19AECC3700EA1169 /* UIImage+GIF.m in Sources */ = {isa = PBXBuildFile; fileRef = 3A45598719AECC3700EA1169 /* UIImage+GIF.m */; };
		3A45599D19AECC3700EA1169 /* UIImage+MultiFormat.m in Sources */ = {isa = PBXBuildFile; fileRef = 3A45598919AECC3700EA1169 /* UIImage+MultiFormat.m */; };
		3A45599E19AECC3700EA1169 /* UIImage+WebP.m in Sources */ = {isa = PBXBuildFile; fileRef = 3A45598B19AECC3700EA1169 /* UIImage+WebP.m */; };
		3A45599F19AECC3700EA1169 /* UIImageView+HighlightedWebCache.m in Sources */ = {isa = PBXBuildFile; fileRef = 3A45598D19AECC3700EA1169 /* UIImageView+HighlightedWebCache.m */; };
		3A4559A119AECC3700EA1169 /* UIView+WebCacheOperation.m in Sources */ = {isa = PBXBuildFile; fileRef = 3A45599119AECC3700EA1169 /* UIView+WebCacheOperation.m */; };
		3A4559A519AECDB400EA1169 /* ImageIO.framework in Frameworks */ = {isa = PBXBuildFile; fileRef = 3A4559A419AECDB400EA1169 /* ImageIO.framework */; };
		3A7FB0CB19AAD83A00789A57 /* provinceCity.plist in Resources */ = {isa = PBXBuildFile; fileRef = 3A7FB0CA19AAD83A00789A57 /* provinceCity.plist */; };
		3ABB2ADB19B40F140023B064 /* CommnetCell.m in Sources */ = {isa = PBXBuildFile; fileRef = 3ABB2ADA19B40F140023B064 /* CommnetCell.m */; };
		3ABB2ADE19B418320023B064 /* Comment.m in Sources */ = {isa = PBXBuildFile; fileRef = 3ABB2ADD19B418320023B064 /* Comment.m */; };
		3AC2FF8619B6A02A00CA9937 /* Hiragino Sans GB W3.otf in Resources */ = {isa = PBXBuildFile; fileRef = 3A04D8B219B5C61B006E463C /* Hiragino Sans GB W3.otf */; };
		8447C8E819B006B0005E43DF /* bg_navbar_orange.png in Resources */ = {isa = PBXBuildFile; fileRef = 8447C8E619B006B0005E43DF /* bg_navbar_orange.png */; };
		8447C8E919B006B0005E43DF /* bg_navbar_white.png in Resources */ = {isa = PBXBuildFile; fileRef = 8447C8E719B006B0005E43DF /* bg_navbar_white.png */; };
		845557FB19AAD56700E115AC /* TSRegularExpressionUtils.m in Sources */ = {isa = PBXBuildFile; fileRef = 845557FA19AAD56700E115AC /* TSRegularExpressionUtils.m */; };
		845C686D19B564A100AA3D57 /* btn_logout.png in Resources */ = {isa = PBXBuildFile; fileRef = 845C686C19B564A100AA3D57 /* btn_logout.png */; };
		846DCDE319ADD5FE00FE46F2 /* bg_mine_lv.png in Resources */ = {isa = PBXBuildFile; fileRef = 846DCDE219ADD5FE00FE46F2 /* bg_mine_lv.png */; };
		846DCDE519ADD9F400FE46F2 /* btn_mine_uncheck.png in Resources */ = {isa = PBXBuildFile; fileRef = 846DCDE419ADD9F300FE46F2 /* btn_mine_uncheck.png */; };
		8477D4A719AC0A2B002BAEA4 /* messages.plist in Resources */ = {isa = PBXBuildFile; fileRef = 8477D4A619AC0A2B002BAEA4 /* messages.plist */; };
		8477D4AA19AC1971002BAEA4 /* MessageHeader.m in Sources */ = {isa = PBXBuildFile; fileRef = 8477D4A919AC1971002BAEA4 /* MessageHeader.m */; };
		8477D4AC19AC1B5D002BAEA4 /* arrow.png in Resources */ = {isa = PBXBuildFile; fileRef = 8477D4AB19AC1B5D002BAEA4 /* arrow.png */; };
		8477D4B119AC7BFC002BAEA4 /* reply.plist in Resources */ = {isa = PBXBuildFile; fileRef = 8477D4B019AC7BFC002BAEA4 /* reply.plist */; };
		8477D4B819AC810E002BAEA4 /* icon_reply_06.png in Resources */ = {isa = PBXBuildFile; fileRef = 8477D4B219AC810E002BAEA4 /* icon_reply_06.png */; };
		8477D4B919AC810E002BAEA4 /* icon_reply_01.png in Resources */ = {isa = PBXBuildFile; fileRef = 8477D4B319AC810E002BAEA4 /* icon_reply_01.png */; };
		8477D4BA19AC810E002BAEA4 /* icon_reply_04.png in Resources */ = {isa = PBXBuildFile; fileRef = 8477D4B419AC810E002BAEA4 /* icon_reply_04.png */; };
		8477D4BB19AC810E002BAEA4 /* icon_reply_02.png in Resources */ = {isa = PBXBuildFile; fileRef = 8477D4B519AC810E002BAEA4 /* icon_reply_02.png */; };
		8477D4BC19AC810E002BAEA4 /* icon_reply_03.png in Resources */ = {isa = PBXBuildFile; fileRef = 8477D4B619AC810E002BAEA4 /* icon_reply_03.png */; };
		8477D4BD19AC810E002BAEA4 /* icon_reply_05.png in Resources */ = {isa = PBXBuildFile; fileRef = 8477D4B719AC810E002BAEA4 /* icon_reply_05.png */; };
		8487F9C719B420ED0008B0DC /* icon_mine_03_gray.png in Resources */ = {isa = PBXBuildFile; fileRef = 8487F9C419B420ED0008B0DC /* icon_mine_03_gray.png */; };
		8487F9C819B420ED0008B0DC /* icon_mine_01_gray.png in Resources */ = {isa = PBXBuildFile; fileRef = 8487F9C519B420ED0008B0DC /* icon_mine_01_gray.png */; };
		8487F9C919B420ED0008B0DC /* icon_mine_02_gray.png in Resources */ = {isa = PBXBuildFile; fileRef = 8487F9C619B420ED0008B0DC /* icon_mine_02_gray.png */; };
		84B5D5D219AEEFE3000197F3 /* btn_mine_checked.png in Resources */ = {isa = PBXBuildFile; fileRef = 84B5D5D119AEEFE3000197F3 /* btn_mine_checked.png */; };
		84C1D32619B5AA060044EB86 /* placeholder.png in Resources */ = {isa = PBXBuildFile; fileRef = 84C1D32519B5AA060044EB86 /* placeholder.png */; };
		84C1D32819B5AA130044EB86 /* jb.png in Resources */ = {isa = PBXBuildFile; fileRef = 84C1D32719B5AA130044EB86 /* jb.png */; };
		84C1D32A19B5AA2C0044EB86 /* bg_regist_bar.png in Resources */ = {isa = PBXBuildFile; fileRef = 84C1D32919B5AA2C0044EB86 /* bg_regist_bar.png */; };
		84C1D32C19B5AA3A0044EB86 /* bg_wlhd.png in Resources */ = {isa = PBXBuildFile; fileRef = 84C1D32B19B5AA3A0044EB86 /* bg_wlhd.png */; };
		84C1D32E19B5AAF80044EB86 /* user_default.png in Resources */ = {isa = PBXBuildFile; fileRef = 84C1D32D19B5AAF80044EB86 /* user_default.png */; };
		84C1D33019B5AE720044EB86 /* wenda.storyboard in Resources */ = {isa = PBXBuildFile; fileRef = 3A232C7519A7074000173FC7 /* wenda.storyboard */; };
		84CDBE4C19ADB1D300A22226 /* BaseTableViewController.m in Sources */ = {isa = PBXBuildFile; fileRef = 84CDBE4B19ADB1D300A22226 /* BaseTableViewController.m */; };
		84CDBE5719ADD0BD00A22226 /* icon_mine_02.png in Resources */ = {isa = PBXBuildFile; fileRef = 84CDBE4D19ADD0BD00A22226 /* icon_mine_02.png */; };
		84CDBE5819ADD0BD00A22226 /* icon_mine_list05.png in Resources */ = {isa = PBXBuildFile; fileRef = 84CDBE4E19ADD0BD00A22226 /* icon_mine_list05.png */; };
		84CDBE5919ADD0BD00A22226 /* icon_mine_list06.png in Resources */ = {isa = PBXBuildFile; fileRef = 84CDBE4F19ADD0BD00A22226 /* icon_mine_list06.png */; };
		84CDBE5A19ADD0BD00A22226 /* icon_mine_04.png in Resources */ = {isa = PBXBuildFile; fileRef = 84CDBE5019ADD0BD00A22226 /* icon_mine_04.png */; };
		84CDBE5B19ADD0BD00A22226 /* icon_mine_list03.png in Resources */ = {isa = PBXBuildFile; fileRef = 84CDBE5119ADD0BD00A22226 /* icon_mine_list03.png */; };
		84CDBE5C19ADD0BD00A22226 /* icon_mine_03.png in Resources */ = {isa = PBXBuildFile; fileRef = 84CDBE5219ADD0BD00A22226 /* icon_mine_03.png */; };
		84CDBE5D19ADD0BD00A22226 /* icon_mine_01.png in Resources */ = {isa = PBXBuildFile; fileRef = 84CDBE5319ADD0BD00A22226 /* icon_mine_01.png */; };
		84CDBE5E19ADD0BD00A22226 /* icon_mine_list04.png in Resources */ = {isa = PBXBuildFile; fileRef = 84CDBE5419ADD0BD00A22226 /* icon_mine_list04.png */; };
		84CDBE5F19ADD0BD00A22226 /* icon_mine_list01.png in Resources */ = {isa = PBXBuildFile; fileRef = 84CDBE5519ADD0BD00A22226 /* icon_mine_list01.png */; };
		84CDBE6019ADD0BD00A22226 /* icon_mine_list02.png in Resources */ = {isa = PBXBuildFile; fileRef = 84CDBE5619ADD0BD00A22226 /* icon_mine_list02.png */; };
		84D5156419B468A400356C19 /* btn_mine_setting.png in Resources */ = {isa = PBXBuildFile; fileRef = 84D5156319B468A400356C19 /* btn_mine_setting.png */; };
		84D5156719B46F3A00356C19 /* SettingController.m in Sources */ = {isa = PBXBuildFile; fileRef = 84D5156619B46F3A00356C19 /* SettingController.m */; };
		84F4151D19B6F21400BB0E93 /* Main.storyboard in Resources */ = {isa = PBXBuildFile; fileRef = 84C1D33419B5AF530044EB86 /* Main.storyboard */; };
/* End PBXBuildFile section */

/* Begin PBXContainerItemProxy section */
		3A25C95C19A5758E002305A0 /* PBXContainerItemProxy */ = {
			isa = PBXContainerItemProxy;
			containerPortal = 3A25C92E19A5758E002305A0 /* Project object */;
			proxyType = 1;
			remoteGlobalIDString = 3A25C93519A5758E002305A0;
			remoteInfo = tbswd;
		};
		845C686E19B5881E00AA3D57 /* PBXContainerItemProxy */ = {
			isa = PBXContainerItemProxy;
			containerPortal = 3A25C92E19A5758E002305A0 /* Project object */;
			proxyType = 1;
			remoteGlobalIDString = 3A25C93519A5758E002305A0;
			remoteInfo = tbswd;
		};
/* End PBXContainerItemProxy section */

/* Begin PBXFileReference section */
		3A04D8AD19B55704006E463C /* YcKeyBoardView.h */ = {isa = PBXFileReference; fileEncoding = 4; lastKnownFileType = sourcecode.c.h; path = YcKeyBoardView.h; sourceTree = "<group>"; };
		3A04D8AE19B55704006E463C /* YcKeyBoardView.m */ = {isa = PBXFileReference; fileEncoding = 4; lastKnownFileType = sourcecode.c.objc; path = YcKeyBoardView.m; sourceTree = "<group>"; };
		3A04D8B219B5C61B006E463C /* Hiragino Sans GB W3.otf */ = {isa = PBXFileReference; lastKnownFileType = file; path = "Hiragino Sans GB W3.otf"; sourceTree = "<group>"; };
		3A13857319AC3A9D009D63FF /* QueList.h */ = {isa = PBXFileReference; fileEncoding = 4; lastKnownFileType = sourcecode.c.h; path = QueList.h; sourceTree = "<group>"; };
		3A13857419AC3A9D009D63FF /* QueList.m */ = {isa = PBXFileReference; fileEncoding = 4; lastKnownFileType = sourcecode.c.objc; path = QueList.m; sourceTree = "<group>"; };
		3A22CB5B19B0253D00D37DE3 /* CommnetDetailController.h */ = {isa = PBXFileReference; fileEncoding = 4; lastKnownFileType = sourcecode.c.h; path = CommnetDetailController.h; sourceTree = "<group>"; };
		3A22CB5C19B0253D00D37DE3 /* CommnetDetailController.m */ = {isa = PBXFileReference; fileEncoding = 4; lastKnownFileType = sourcecode.c.objc; path = CommnetDetailController.m; sourceTree = "<group>"; };
		3A232C7519A7074000173FC7 /* wenda.storyboard */ = {isa = PBXFileReference; fileEncoding = 4; lastKnownFileType = file.storyboard; path = wenda.storyboard; sourceTree = "<group>"; };
		3A232C8119A7458B00173FC7 /* libz.dylib */ = {isa = PBXFileReference; lastKnownFileType = "compiled.mach-o.dylib"; name = libz.dylib; path = usr/lib/libz.dylib; sourceTree = SDKROOT; };
		3A232C8919A747D400173FC7 /* JSONKit.h */ = {isa = PBXFileReference; fileEncoding = 4; lastKnownFileType = sourcecode.c.h; path = JSONKit.h; sourceTree = "<group>"; };
		3A232C8A19A747D400173FC7 /* JSONKit.m */ = {isa = PBXFileReference; fileEncoding = 4; lastKnownFileType = sourcecode.c.objc; path = JSONKit.m; sourceTree = "<group>"; };
		3A25C93619A5758E002305A0 /* tbswd.app */ = {isa = PBXFileReference; explicitFileType = wrapper.application; includeInIndex = 0; path = tbswd.app; sourceTree = BUILT_PRODUCTS_DIR; };
		3A25C93919A5758E002305A0 /* Foundation.framework */ = {isa = PBXFileReference; lastKnownFileType = wrapper.framework; name = Foundation.framework; path = System/Library/Frameworks/Foundation.framework; sourceTree = SDKROOT; };
		3A25C93B19A5758E002305A0 /* CoreGraphics.framework */ = {isa = PBXFileReference; lastKnownFileType = wrapper.framework; name = CoreGraphics.framework; path = System/Library/Frameworks/CoreGraphics.framework; sourceTree = SDKROOT; };
		3A25C93D19A5758E002305A0 /* UIKit.framework */ = {isa = PBXFileReference; lastKnownFileType = wrapper.framework; name = UIKit.framework; path = System/Library/Frameworks/UIKit.framework; sourceTree = SDKROOT; };
		3A25C94119A5758E002305A0 /* tbswd-Info.plist */ = {isa = PBXFileReference; lastKnownFileType = text.plist.xml; path = "tbswd-Info.plist"; sourceTree = "<group>"; };
		3A25C94319A5758E002305A0 /* en */ = {isa = PBXFileReference; lastKnownFileType = text.plist.strings; name = en; path = en.lproj/InfoPlist.strings; sourceTree = "<group>"; };
		3A25C94519A5758E002305A0 /* main.m */ = {isa = PBXFileReference; lastKnownFileType = sourcecode.c.objc; path = main.m; sourceTree = "<group>"; };
		3A25C94719A5758E002305A0 /* tbswd-Prefix.pch */ = {isa = PBXFileReference; lastKnownFileType = sourcecode.c.h; path = "tbswd-Prefix.pch"; sourceTree = "<group>"; };
		3A25C94819A5758E002305A0 /* AppDelegate.h */ = {isa = PBXFileReference; lastKnownFileType = sourcecode.c.h; path = AppDelegate.h; sourceTree = "<group>"; };
		3A25C94919A5758E002305A0 /* AppDelegate.m */ = {isa = PBXFileReference; lastKnownFileType = sourcecode.c.objc; path = AppDelegate.m; sourceTree = "<group>"; };
		3A25C95119A5758E002305A0 /* Images.xcassets */ = {isa = PBXFileReference; lastKnownFileType = folder.assetcatalog; path = Images.xcassets; sourceTree = "<group>"; };
		3A25C95719A5758E002305A0 /* tbswdTests.xctest */ = {isa = PBXFileReference; explicitFileType = wrapper.cfbundle; includeInIndex = 0; path = tbswdTests.xctest; sourceTree = BUILT_PRODUCTS_DIR; };
		3A25C95819A5758E002305A0 /* XCTest.framework */ = {isa = PBXFileReference; lastKnownFileType = wrapper.framework; name = XCTest.framework; path = Library/Frameworks/XCTest.framework; sourceTree = DEVELOPER_DIR; };
		3A25C96019A5758E002305A0 /* tbswdTests-Info.plist */ = {isa = PBXFileReference; lastKnownFileType = text.plist.xml; path = "tbswdTests-Info.plist"; sourceTree = "<group>"; };
		3A25C96219A5758E002305A0 /* en */ = {isa = PBXFileReference; lastKnownFileType = text.plist.strings; name = en; path = en.lproj/InfoPlist.strings; sourceTree = "<group>"; };
		3A25C96419A5758E002305A0 /* tbswdTests.m */ = {isa = PBXFileReference; lastKnownFileType = sourcecode.c.objc; path = tbswdTests.m; sourceTree = "<group>"; };
		3A25C96F19A57660002305A0 /* BaseUIViewController.h */ = {isa = PBXFileReference; fileEncoding = 4; lastKnownFileType = sourcecode.c.h; path = BaseUIViewController.h; sourceTree = "<group>"; };
		3A25C97019A57660002305A0 /* BaseUIViewController.m */ = {isa = PBXFileReference; fileEncoding = 4; lastKnownFileType = sourcecode.c.objc; path = BaseUIViewController.m; sourceTree = "<group>"; };
		3A25C97219A57660002305A0 /* IndexController.h */ = {isa = PBXFileReference; fileEncoding = 4; lastKnownFileType = sourcecode.c.h; path = IndexController.h; sourceTree = "<group>"; };
		3A25C97319A57660002305A0 /* IndexController.m */ = {isa = PBXFileReference; fileEncoding = 4; lastKnownFileType = sourcecode.c.objc; path = IndexController.m; sourceTree = "<group>"; };
		3A25C97419A57660002305A0 /* LoginController.h */ = {isa = PBXFileReference; fileEncoding = 4; lastKnownFileType = sourcecode.c.h; path = LoginController.h; sourceTree = "<group>"; };
		3A25C97519A57660002305A0 /* LoginController.m */ = {isa = PBXFileReference; fileEncoding = 4; lastKnownFileType = sourcecode.c.objc; path = LoginController.m; sourceTree = "<group>"; };
		3A25C97619A57660002305A0 /* NewPwdController.h */ = {isa = PBXFileReference; fileEncoding = 4; lastKnownFileType = sourcecode.c.h; path = NewPwdController.h; sourceTree = "<group>"; };
		3A25C97719A57660002305A0 /* NewPwdController.m */ = {isa = PBXFileReference; fileEncoding = 4; lastKnownFileType = sourcecode.c.objc; path = NewPwdController.m; sourceTree = "<group>"; };
		3A25C97819A57660002305A0 /* RegisterController.h */ = {isa = PBXFileReference; fileEncoding = 4; lastKnownFileType = sourcecode.c.h; path = RegisterController.h; sourceTree = "<group>"; };
		3A25C97919A57660002305A0 /* RegisterController.m */ = {isa = PBXFileReference; fileEncoding = 4; lastKnownFileType = sourcecode.c.objc; path = RegisterController.m; sourceTree = "<group>"; };
		3A25C97C19A57660002305A0 /* MessageController.h */ = {isa = PBXFileReference; fileEncoding = 4; lastKnownFileType = sourcecode.c.h; path = MessageController.h; sourceTree = "<group>"; };
		3A25C97D19A57660002305A0 /* MessageController.m */ = {isa = PBXFileReference; fileEncoding = 4; lastKnownFileType = sourcecode.c.objc; path = MessageController.m; sourceTree = "<group>"; };
		3A25C97F19A57660002305A0 /* MineController.h */ = {isa = PBXFileReference; fileEncoding = 4; lastKnownFileType = sourcecode.c.h; path = MineController.h; sourceTree = "<group>"; };
		3A25C98019A57660002305A0 /* MineController.m */ = {isa = PBXFileReference; fileEncoding = 4; lastKnownFileType = sourcecode.c.objc; path = MineController.m; sourceTree = "<group>"; };
		3A25C98219A57660002305A0 /* ReplyController.h */ = {isa = PBXFileReference; fileEncoding = 4; lastKnownFileType = sourcecode.c.h; path = ReplyController.h; sourceTree = "<group>"; };
		3A25C98319A57660002305A0 /* ReplyController.m */ = {isa = PBXFileReference; fileEncoding = 4; lastKnownFileType = sourcecode.c.objc; path = ReplyController.m; sourceTree = "<group>"; };
		3A25C98519A57660002305A0 /* QueListController.h */ = {isa = PBXFileReference; fileEncoding = 4; lastKnownFileType = sourcecode.c.h; path = QueListController.h; sourceTree = "<group>"; };
		3A25C98619A57660002305A0 /* QueListController.m */ = {isa = PBXFileReference; fileEncoding = 4; lastKnownFileType = sourcecode.c.objc; path = QueListController.m; sourceTree = "<group>"; };
		3A25C98819A57660002305A0 /* WriteQueController.h */ = {isa = PBXFileReference; fileEncoding = 4; lastKnownFileType = sourcecode.c.h; path = WriteQueController.h; sourceTree = "<group>"; };
		3A25C98919A57660002305A0 /* WriteQueController.m */ = {isa = PBXFileReference; fileEncoding = 4; lastKnownFileType = sourcecode.c.objc; path = WriteQueController.m; sourceTree = "<group>"; };
		3A25C99519A57668002305A0 /* Config.h */ = {isa = PBXFileReference; fileEncoding = 4; lastKnownFileType = sourcecode.c.h; path = Config.h; sourceTree = "<group>"; };
		3A25C99619A57668002305A0 /* Config.m */ = {isa = PBXFileReference; fileEncoding = 4; lastKnownFileType = sourcecode.c.objc; path = Config.m; sourceTree = "<group>"; };
		3A25C99C19A5766D002305A0 /* bg_edit_forget.png */ = {isa = PBXFileReference; lastKnownFileType = image.png; path = bg_edit_forget.png; sourceTree = "<group>"; };
		3A25C99D19A5766D002305A0 /* bg_edit_login.png */ = {isa = PBXFileReference; lastKnownFileType = image.png; path = bg_edit_login.png; sourceTree = "<group>"; };
		3A25C99E19A5766D002305A0 /* bg_edit_newpwd.png */ = {isa = PBXFileReference; lastKnownFileType = image.png; path = bg_edit_newpwd.png; sourceTree = "<group>"; };
		3A25C99F19A5766D002305A0 /* bg_edit_register.png */ = {isa = PBXFileReference; lastKnownFileType = image.png; path = bg_edit_register.png; sourceTree = "<group>"; };
		3A25C9A119A5766D002305A0 /* bg_page_index.png */ = {isa = PBXFileReference; lastKnownFileType = image.png; path = bg_page_index.png; sourceTree = "<group>"; };
		3A25C9A219A5766D002305A0 /* btn_back.png */ = {isa = PBXFileReference; lastKnownFileType = image.png; path = btn_back.png; sourceTree = "<group>"; };
		3A25C9A319A5766D002305A0 /* btn_getcode.png */ = {isa = PBXFileReference; lastKnownFileType = image.png; path = btn_getcode.png; sourceTree = "<group>"; };
		3A25C9A419A5766D002305A0 /* btn_login.png */ = {isa = PBXFileReference; lastKnownFileType = image.png; path = btn_login.png; sourceTree = "<group>"; };
		3A25C9A519A5766D002305A0 /* btn_login_tx.png */ = {isa = PBXFileReference; lastKnownFileType = image.png; path = btn_login_tx.png; sourceTree = "<group>"; };
		3A25C9A619A5766D002305A0 /* btn_login_weibo.png */ = {isa = PBXFileReference; lastKnownFileType = image.png; path = btn_login_weibo.png; sourceTree = "<group>"; };
		3A25C9A719A5766D002305A0 /* register_logo.png */ = {isa = PBXFileReference; lastKnownFileType = image.png; path = register_logo.png; sourceTree = "<group>"; };
		3A25C9B719A57671002305A0 /* AFHTTPClient.h */ = {isa = PBXFileReference; fileEncoding = 4; lastKnownFileType = sourcecode.c.h; path = AFHTTPClient.h; sourceTree = "<group>"; };
		3A25C9B819A57671002305A0 /* AFHTTPClient.m */ = {isa = PBXFileReference; fileEncoding = 4; lastKnownFileType = sourcecode.c.objc; path = AFHTTPClient.m; sourceTree = "<group>"; };
		3A25C9B919A57671002305A0 /* AFHTTPRequestOperation.h */ = {isa = PBXFileReference; fileEncoding = 4; lastKnownFileType = sourcecode.c.h; path = AFHTTPRequestOperation.h; sourceTree = "<group>"; };
		3A25C9BA19A57671002305A0 /* AFHTTPRequestOperation.m */ = {isa = PBXFileReference; fileEncoding = 4; lastKnownFileType = sourcecode.c.objc; path = AFHTTPRequestOperation.m; sourceTree = "<group>"; };
		3A25C9BB19A57671002305A0 /* AFImageRequestOperation.h */ = {isa = PBXFileReference; fileEncoding = 4; lastKnownFileType = sourcecode.c.h; path = AFImageRequestOperation.h; sourceTree = "<group>"; };
		3A25C9BC19A57671002305A0 /* AFImageRequestOperation.m */ = {isa = PBXFileReference; fileEncoding = 4; lastKnownFileType = sourcecode.c.objc; path = AFImageRequestOperation.m; sourceTree = "<group>"; };
		3A25C9BD19A57671002305A0 /* AFJSONRequestOperation.h */ = {isa = PBXFileReference; fileEncoding = 4; lastKnownFileType = sourcecode.c.h; path = AFJSONRequestOperation.h; sourceTree = "<group>"; };
		3A25C9BE19A57671002305A0 /* AFJSONRequestOperation.m */ = {isa = PBXFileReference; fileEncoding = 4; lastKnownFileType = sourcecode.c.objc; path = AFJSONRequestOperation.m; sourceTree = "<group>"; };
		3A25C9BF19A57671002305A0 /* AFNetworkActivityIndicatorManager.h */ = {isa = PBXFileReference; fileEncoding = 4; lastKnownFileType = sourcecode.c.h; path = AFNetworkActivityIndicatorManager.h; sourceTree = "<group>"; };
		3A25C9C019A57671002305A0 /* AFNetworkActivityIndicatorManager.m */ = {isa = PBXFileReference; fileEncoding = 4; lastKnownFileType = sourcecode.c.objc; path = AFNetworkActivityIndicatorManager.m; sourceTree = "<group>"; };
		3A25C9C119A57671002305A0 /* AFNetworking.h */ = {isa = PBXFileReference; fileEncoding = 4; lastKnownFileType = sourcecode.c.h; path = AFNetworking.h; sourceTree = "<group>"; };
		3A25C9C219A57671002305A0 /* AFPropertyListRequestOperation.h */ = {isa = PBXFileReference; fileEncoding = 4; lastKnownFileType = sourcecode.c.h; path = AFPropertyListRequestOperation.h; sourceTree = "<group>"; };
		3A25C9C319A57671002305A0 /* AFPropertyListRequestOperation.m */ = {isa = PBXFileReference; fileEncoding = 4; lastKnownFileType = sourcecode.c.objc; path = AFPropertyListRequestOperation.m; sourceTree = "<group>"; };
		3A25C9C419A57671002305A0 /* AFURLConnectionOperation.h */ = {isa = PBXFileReference; fileEncoding = 4; lastKnownFileType = sourcecode.c.h; path = AFURLConnectionOperation.h; sourceTree = "<group>"; };
		3A25C9C519A57671002305A0 /* AFURLConnectionOperation.m */ = {isa = PBXFileReference; fileEncoding = 4; lastKnownFileType = sourcecode.c.objc; path = AFURLConnectionOperation.m; sourceTree = "<group>"; };
		3A25C9C619A57671002305A0 /* AFXMLRequestOperation.h */ = {isa = PBXFileReference; fileEncoding = 4; lastKnownFileType = sourcecode.c.h; path = AFXMLRequestOperation.h; sourceTree = "<group>"; };
		3A25C9C719A57671002305A0 /* AFXMLRequestOperation.m */ = {isa = PBXFileReference; fileEncoding = 4; lastKnownFileType = sourcecode.c.objc; path = AFXMLRequestOperation.m; sourceTree = "<group>"; };
		3A25C9C819A57671002305A0 /* UIImageView+AFNetworking.h */ = {isa = PBXFileReference; fileEncoding = 4; lastKnownFileType = sourcecode.c.h; path = "UIImageView+AFNetworking.h"; sourceTree = "<group>"; };
		3A25C9C919A57671002305A0 /* UIImageView+AFNetworking.m */ = {isa = PBXFileReference; fileEncoding = 4; lastKnownFileType = sourcecode.c.objc; path = "UIImageView+AFNetworking.m"; sourceTree = "<group>"; };
		3A25C9CA19A57671002305A0 /* GCDiscreetNotificationView.h */ = {isa = PBXFileReference; fileEncoding = 4; lastKnownFileType = sourcecode.c.h; path = GCDiscreetNotificationView.h; sourceTree = "<group>"; };
		3A25C9CB19A57671002305A0 /* GCDiscreetNotificationView.m */ = {isa = PBXFileReference; fileEncoding = 4; lastKnownFileType = sourcecode.c.objc; path = GCDiscreetNotificationView.m; sourceTree = "<group>"; };
		3A25C9CC19A57671002305A0 /* MBProgressHUD.h */ = {isa = PBXFileReference; fileEncoding = 4; lastKnownFileType = sourcecode.c.h; path = MBProgressHUD.h; sourceTree = "<group>"; };
		3A25C9CD19A57671002305A0 /* MBProgressHUD.m */ = {isa = PBXFileReference; fileEncoding = 4; lastKnownFileType = sourcecode.c.objc; path = MBProgressHUD.m; sourceTree = "<group>"; };
		3A25C9CE19A57671002305A0 /* Utils.h */ = {isa = PBXFileReference; fileEncoding = 4; lastKnownFileType = sourcecode.c.h; path = Utils.h; sourceTree = "<group>"; };
		3A25C9CF19A57671002305A0 /* Utils.m */ = {isa = PBXFileReference; fileEncoding = 4; lastKnownFileType = sourcecode.c.objc; path = Utils.m; sourceTree = "<group>"; };
		3A25C9DE19A58D16002305A0 /* QueListCell.h */ = {isa = PBXFileReference; fileEncoding = 4; lastKnownFileType = sourcecode.c.h; path = QueListCell.h; sourceTree = "<group>"; };
		3A25C9DF19A58D16002305A0 /* QueListCell.m */ = {isa = PBXFileReference; fileEncoding = 4; lastKnownFileType = sourcecode.c.objc; path = QueListCell.m; sourceTree = "<group>"; };
		3A25C9E419A5BA72002305A0 /* MJRefresh.bundle */ = {isa = PBXFileReference; lastKnownFileType = "wrapper.plug-in"; path = MJRefresh.bundle; sourceTree = "<group>"; };
		3A25C9E519A5BA72002305A0 /* MJRefresh.h */ = {isa = PBXFileReference; fileEncoding = 4; lastKnownFileType = sourcecode.c.h; path = MJRefresh.h; sourceTree = "<group>"; };
		3A25C9E619A5BA72002305A0 /* MJRefreshBaseView.h */ = {isa = PBXFileReference; fileEncoding = 4; lastKnownFileType = sourcecode.c.h; path = MJRefreshBaseView.h; sourceTree = "<group>"; };
		3A25C9E719A5BA72002305A0 /* MJRefreshBaseView.m */ = {isa = PBXFileReference; fileEncoding = 4; lastKnownFileType = sourcecode.c.objc; path = MJRefreshBaseView.m; sourceTree = "<group>"; };
		3A25C9E819A5BA72002305A0 /* MJRefreshConst.h */ = {isa = PBXFileReference; fileEncoding = 4; lastKnownFileType = sourcecode.c.h; path = MJRefreshConst.h; sourceTree = "<group>"; };
		3A25C9E919A5BA72002305A0 /* MJRefreshConst.m */ = {isa = PBXFileReference; fileEncoding = 4; lastKnownFileType = sourcecode.c.objc; path = MJRefreshConst.m; sourceTree = "<group>"; };
		3A25C9EA19A5BA72002305A0 /* MJRefreshFooterView.h */ = {isa = PBXFileReference; fileEncoding = 4; lastKnownFileType = sourcecode.c.h; path = MJRefreshFooterView.h; sourceTree = "<group>"; };
		3A25C9EB19A5BA72002305A0 /* MJRefreshFooterView.m */ = {isa = PBXFileReference; fileEncoding = 4; lastKnownFileType = sourcecode.c.objc; path = MJRefreshFooterView.m; sourceTree = "<group>"; };
		3A25C9EC19A5BA72002305A0 /* MJRefreshHeaderView.h */ = {isa = PBXFileReference; fileEncoding = 4; lastKnownFileType = sourcecode.c.h; path = MJRefreshHeaderView.h; sourceTree = "<group>"; };
		3A25C9ED19A5BA72002305A0 /* MJRefreshHeaderView.m */ = {isa = PBXFileReference; fileEncoding = 4; lastKnownFileType = sourcecode.c.objc; path = MJRefreshHeaderView.m; sourceTree = "<group>"; };
		3A25C9EE19A5BA72002305A0 /* UIScrollView+Extension.h */ = {isa = PBXFileReference; fileEncoding = 4; lastKnownFileType = sourcecode.c.h; path = "UIScrollView+Extension.h"; sourceTree = "<group>"; };
		3A25C9EF19A5BA72002305A0 /* UIScrollView+Extension.m */ = {isa = PBXFileReference; fileEncoding = 4; lastKnownFileType = sourcecode.c.objc; path = "UIScrollView+Extension.m"; sourceTree = "<group>"; };
		3A25C9F019A5BA72002305A0 /* UIScrollView+MJRefresh.h */ = {isa = PBXFileReference; fileEncoding = 4; lastKnownFileType = sourcecode.c.h; path = "UIScrollView+MJRefresh.h"; sourceTree = "<group>"; };
		3A25C9F119A5BA72002305A0 /* UIScrollView+MJRefresh.m */ = {isa = PBXFileReference; fileEncoding = 4; lastKnownFileType = sourcecode.c.objc; path = "UIScrollView+MJRefresh.m"; sourceTree = "<group>"; };
		3A25C9F219A5BA72002305A0 /* UIView+Extension.h */ = {isa = PBXFileReference; fileEncoding = 4; lastKnownFileType = sourcecode.c.h; path = "UIView+Extension.h"; sourceTree = "<group>"; };
		3A25C9F319A5BA72002305A0 /* UIView+Extension.m */ = {isa = PBXFileReference; fileEncoding = 4; lastKnownFileType = sourcecode.c.objc; path = "UIView+Extension.m"; sourceTree = "<group>"; };
		3A45597119AECC3700EA1169 /* MKAnnotationView+WebCache.h */ = {isa = PBXFileReference; fileEncoding = 4; lastKnownFileType = sourcecode.c.h; path = "MKAnnotationView+WebCache.h"; sourceTree = "<group>"; };
		3A45597219AECC3700EA1169 /* MKAnnotationView+WebCache.m */ = {isa = PBXFileReference; fileEncoding = 4; lastKnownFileType = sourcecode.c.objc; path = "MKAnnotationView+WebCache.m"; sourceTree = "<group>"; };
		3A45597319AECC3700EA1169 /* NSData+ImageContentType.h */ = {isa = PBXFileReference; fileEncoding = 4; lastKnownFileType = sourcecode.c.h; path = "NSData+ImageContentType.h"; sourceTree = "<group>"; };
		3A45597419AECC3700EA1169 /* NSData+ImageContentType.m */ = {isa = PBXFileReference; fileEncoding = 4; lastKnownFileType = sourcecode.c.objc; path = "NSData+ImageContentType.m"; sourceTree = "<group>"; };
		3A45597519AECC3700EA1169 /* SDImageCache.h */ = {isa = PBXFileReference; fileEncoding = 4; lastKnownFileType = sourcecode.c.h; path = SDImageCache.h; sourceTree = "<group>"; };
		3A45597619AECC3700EA1169 /* SDImageCache.m */ = {isa = PBXFileReference; fileEncoding = 4; lastKnownFileType = sourcecode.c.objc; path = SDImageCache.m; sourceTree = "<group>"; };
		3A45597719AECC3700EA1169 /* SDWebImageCompat.h */ = {isa = PBXFileReference; fileEncoding = 4; lastKnownFileType = sourcecode.c.h; path = SDWebImageCompat.h; sourceTree = "<group>"; };
		3A45597819AECC3700EA1169 /* SDWebImageCompat.m */ = {isa = PBXFileReference; fileEncoding = 4; lastKnownFileType = sourcecode.c.objc; path = SDWebImageCompat.m; sourceTree = "<group>"; };
		3A45597919AECC3700EA1169 /* SDWebImageDecoder.h */ = {isa = PBXFileReference; fileEncoding = 4; lastKnownFileType = sourcecode.c.h; path = SDWebImageDecoder.h; sourceTree = "<group>"; };
		3A45597A19AECC3700EA1169 /* SDWebImageDecoder.m */ = {isa = PBXFileReference; fileEncoding = 4; lastKnownFileType = sourcecode.c.objc; path = SDWebImageDecoder.m; sourceTree = "<group>"; };
		3A45597B19AECC3700EA1169 /* SDWebImageDownloader.h */ = {isa = PBXFileReference; fileEncoding = 4; lastKnownFileType = sourcecode.c.h; path = SDWebImageDownloader.h; sourceTree = "<group>"; };
		3A45597C19AECC3700EA1169 /* SDWebImageDownloader.m */ = {isa = PBXFileReference; fileEncoding = 4; lastKnownFileType = sourcecode.c.objc; path = SDWebImageDownloader.m; sourceTree = "<group>"; };
		3A45597D19AECC3700EA1169 /* SDWebImageDownloaderOperation.h */ = {isa = PBXFileReference; fileEncoding = 4; lastKnownFileType = sourcecode.c.h; path = SDWebImageDownloaderOperation.h; sourceTree = "<group>"; };
		3A45597E19AECC3700EA1169 /* SDWebImageDownloaderOperation.m */ = {isa = PBXFileReference; fileEncoding = 4; lastKnownFileType = sourcecode.c.objc; path = SDWebImageDownloaderOperation.m; sourceTree = "<group>"; };
		3A45597F19AECC3700EA1169 /* SDWebImageManager.h */ = {isa = PBXFileReference; fileEncoding = 4; lastKnownFileType = sourcecode.c.h; path = SDWebImageManager.h; sourceTree = "<group>"; };
		3A45598019AECC3700EA1169 /* SDWebImageManager.m */ = {isa = PBXFileReference; fileEncoding = 4; lastKnownFileType = sourcecode.c.objc; path = SDWebImageManager.m; sourceTree = "<group>"; };
		3A45598119AECC3700EA1169 /* SDWebImageOperation.h */ = {isa = PBXFileReference; fileEncoding = 4; lastKnownFileType = sourcecode.c.h; path = SDWebImageOperation.h; sourceTree = "<group>"; };
		3A45598219AECC3700EA1169 /* SDWebImagePrefetcher.h */ = {isa = PBXFileReference; fileEncoding = 4; lastKnownFileType = sourcecode.c.h; path = SDWebImagePrefetcher.h; sourceTree = "<group>"; };
		3A45598319AECC3700EA1169 /* SDWebImagePrefetcher.m */ = {isa = PBXFileReference; fileEncoding = 4; lastKnownFileType = sourcecode.c.objc; path = SDWebImagePrefetcher.m; sourceTree = "<group>"; };
		3A45598419AECC3700EA1169 /* UIButton+WebCache.h */ = {isa = PBXFileReference; fileEncoding = 4; lastKnownFileType = sourcecode.c.h; path = "UIButton+WebCache.h"; sourceTree = "<group>"; };
		3A45598519AECC3700EA1169 /* UIButton+WebCache.m */ = {isa = PBXFileReference; fileEncoding = 4; lastKnownFileType = sourcecode.c.objc; path = "UIButton+WebCache.m"; sourceTree = "<group>"; };
		3A45598619AECC3700EA1169 /* UIImage+GIF.h */ = {isa = PBXFileReference; fileEncoding = 4; lastKnownFileType = sourcecode.c.h; path = "UIImage+GIF.h"; sourceTree = "<group>"; };
		3A45598719AECC3700EA1169 /* UIImage+GIF.m */ = {isa = PBXFileReference; fileEncoding = 4; lastKnownFileType = sourcecode.c.objc; path = "UIImage+GIF.m"; sourceTree = "<group>"; };
		3A45598819AECC3700EA1169 /* UIImage+MultiFormat.h */ = {isa = PBXFileReference; fileEncoding = 4; lastKnownFileType = sourcecode.c.h; path = "UIImage+MultiFormat.h"; sourceTree = "<group>"; };
		3A45598919AECC3700EA1169 /* UIImage+MultiFormat.m */ = {isa = PBXFileReference; fileEncoding = 4; lastKnownFileType = sourcecode.c.objc; path = "UIImage+MultiFormat.m"; sourceTree = "<group>"; };
		3A45598A19AECC3700EA1169 /* UIImage+WebP.h */ = {isa = PBXFileReference; fileEncoding = 4; lastKnownFileType = sourcecode.c.h; path = "UIImage+WebP.h"; sourceTree = "<group>"; };
		3A45598B19AECC3700EA1169 /* UIImage+WebP.m */ = {isa = PBXFileReference; fileEncoding = 4; lastKnownFileType = sourcecode.c.objc; path = "UIImage+WebP.m"; sourceTree = "<group>"; };
		3A45598C19AECC3700EA1169 /* UIImageView+HighlightedWebCache.h */ = {isa = PBXFileReference; fileEncoding = 4; lastKnownFileType = sourcecode.c.h; path = "UIImageView+HighlightedWebCache.h"; sourceTree = "<group>"; };
		3A45598D19AECC3700EA1169 /* UIImageView+HighlightedWebCache.m */ = {isa = PBXFileReference; fileEncoding = 4; lastKnownFileType = sourcecode.c.objc; path = "UIImageView+HighlightedWebCache.m"; sourceTree = "<group>"; };
		3A45598E19AECC3700EA1169 /* UIImageView+WebCache.h */ = {isa = PBXFileReference; fileEncoding = 4; lastKnownFileType = sourcecode.c.h; path = "UIImageView+WebCache.h"; sourceTree = "<group>"; };
		3A45598F19AECC3700EA1169 /* UIImageView+WebCache.m */ = {isa = PBXFileReference; fileEncoding = 4; lastKnownFileType = sourcecode.c.objc; path = "UIImageView+WebCache.m"; sourceTree = "<group>"; };
		3A45599019AECC3700EA1169 /* UIView+WebCacheOperation.h */ = {isa = PBXFileReference; fileEncoding = 4; lastKnownFileType = sourcecode.c.h; path = "UIView+WebCacheOperation.h"; sourceTree = "<group>"; };
		3A45599119AECC3700EA1169 /* UIView+WebCacheOperation.m */ = {isa = PBXFileReference; fileEncoding = 4; lastKnownFileType = sourcecode.c.objc; path = "UIView+WebCacheOperation.m"; sourceTree = "<group>"; };
		3A4559A419AECDB400EA1169 /* ImageIO.framework */ = {isa = PBXFileReference; lastKnownFileType = wrapper.framework; name = ImageIO.framework; path = System/Library/Frameworks/ImageIO.framework; sourceTree = SDKROOT; };
		3A7FB0CA19AAD83A00789A57 /* provinceCity.plist */ = {isa = PBXFileReference; fileEncoding = 4; lastKnownFileType = text.plist.xml; path = provinceCity.plist; sourceTree = "<group>"; };
		3ABB2AD919B40F140023B064 /* CommnetCell.h */ = {isa = PBXFileReference; fileEncoding = 4; lastKnownFileType = sourcecode.c.h; path = CommnetCell.h; sourceTree = "<group>"; };
		3ABB2ADA19B40F140023B064 /* CommnetCell.m */ = {isa = PBXFileReference; fileEncoding = 4; lastKnownFileType = sourcecode.c.objc; path = CommnetCell.m; sourceTree = "<group>"; };
		3ABB2ADC19B418320023B064 /* Comment.h */ = {isa = PBXFileReference; fileEncoding = 4; lastKnownFileType = sourcecode.c.h; path = Comment.h; sourceTree = "<group>"; };
		3ABB2ADD19B418320023B064 /* Comment.m */ = {isa = PBXFileReference; fileEncoding = 4; lastKnownFileType = sourcecode.c.objc; path = Comment.m; sourceTree = "<group>"; };
		3ABB2AE519B477260023B064 /* Comment.xib */ = {isa = PBXFileReference; fileEncoding = 4; lastKnownFileType = file.xib; path = Comment.xib; sourceTree = "<group>"; };
		8447C8E619B006B0005E43DF /* bg_navbar_orange.png */ = {isa = PBXFileReference; lastKnownFileType = image.png; path = bg_navbar_orange.png; sourceTree = "<group>"; };
		8447C8E719B006B0005E43DF /* bg_navbar_white.png */ = {isa = PBXFileReference; lastKnownFileType = image.png; path = bg_navbar_white.png; sourceTree = "<group>"; };
		845557F919AAD56600E115AC /* TSRegularExpressionUtils.h */ = {isa = PBXFileReference; fileEncoding = 4; lastKnownFileType = sourcecode.c.h; path = TSRegularExpressionUtils.h; sourceTree = "<group>"; };
		845557FA19AAD56700E115AC /* TSRegularExpressionUtils.m */ = {isa = PBXFileReference; fileEncoding = 4; lastKnownFileType = sourcecode.c.objc; path = TSRegularExpressionUtils.m; sourceTree = "<group>"; };
		845C686C19B564A100AA3D57 /* btn_logout.png */ = {isa = PBXFileReference; lastKnownFileType = image.png; path = btn_logout.png; sourceTree = "<group>"; };
		846DCDE219ADD5FE00FE46F2 /* bg_mine_lv.png */ = {isa = PBXFileReference; lastKnownFileType = image.png; path = bg_mine_lv.png; sourceTree = "<group>"; };
		846DCDE419ADD9F300FE46F2 /* btn_mine_uncheck.png */ = {isa = PBXFileReference; lastKnownFileType = image.png; path = btn_mine_uncheck.png; sourceTree = "<group>"; };
		8477D4A619AC0A2B002BAEA4 /* messages.plist */ = {isa = PBXFileReference; fileEncoding = 4; lastKnownFileType = text.plist.xml; path = messages.plist; sourceTree = "<group>"; };
		8477D4A819AC1971002BAEA4 /* MessageHeader.h */ = {isa = PBXFileReference; fileEncoding = 4; lastKnownFileType = sourcecode.c.h; path = MessageHeader.h; sourceTree = "<group>"; };
		8477D4A919AC1971002BAEA4 /* MessageHeader.m */ = {isa = PBXFileReference; fileEncoding = 4; lastKnownFileType = sourcecode.c.objc; path = MessageHeader.m; sourceTree = "<group>"; };
		8477D4AB19AC1B5D002BAEA4 /* arrow.png */ = {isa = PBXFileReference; lastKnownFileType = image.png; path = arrow.png; sourceTree = "<group>"; };
		8477D4B019AC7BFC002BAEA4 /* reply.plist */ = {isa = PBXFileReference; fileEncoding = 4; lastKnownFileType = text.plist.xml; path = reply.plist; sourceTree = "<group>"; };
		8477D4B219AC810E002BAEA4 /* icon_reply_06.png */ = {isa = PBXFileReference; lastKnownFileType = image.png; path = icon_reply_06.png; sourceTree = "<group>"; };
		8477D4B319AC810E002BAEA4 /* icon_reply_01.png */ = {isa = PBXFileReference; lastKnownFileType = image.png; path = icon_reply_01.png; sourceTree = "<group>"; };
		8477D4B419AC810E002BAEA4 /* icon_reply_04.png */ = {isa = PBXFileReference; lastKnownFileType = image.png; path = icon_reply_04.png; sourceTree = "<group>"; };
		8477D4B519AC810E002BAEA4 /* icon_reply_02.png */ = {isa = PBXFileReference; lastKnownFileType = image.png; path = icon_reply_02.png; sourceTree = "<group>"; };
		8477D4B619AC810E002BAEA4 /* icon_reply_03.png */ = {isa = PBXFileReference; lastKnownFileType = image.png; path = icon_reply_03.png; sourceTree = "<group>"; };
		8477D4B719AC810E002BAEA4 /* icon_reply_05.png */ = {isa = PBXFileReference; lastKnownFileType = image.png; path = icon_reply_05.png; sourceTree = "<group>"; };
		8487F9C419B420ED0008B0DC /* icon_mine_03_gray.png */ = {isa = PBXFileReference; lastKnownFileType = image.png; path = icon_mine_03_gray.png; sourceTree = "<group>"; };
		8487F9C519B420ED0008B0DC /* icon_mine_01_gray.png */ = {isa = PBXFileReference; lastKnownFileType = image.png; path = icon_mine_01_gray.png; sourceTree = "<group>"; };
		8487F9C619B420ED0008B0DC /* icon_mine_02_gray.png */ = {isa = PBXFileReference; lastKnownFileType = image.png; path = icon_mine_02_gray.png; sourceTree = "<group>"; };
		84B5D5D119AEEFE3000197F3 /* btn_mine_checked.png */ = {isa = PBXFileReference; lastKnownFileType = image.png; path = btn_mine_checked.png; sourceTree = "<group>"; };
		84C1D32519B5AA060044EB86 /* placeholder.png */ = {isa = PBXFileReference; lastKnownFileType = image.png; path = placeholder.png; sourceTree = "<group>"; };
		84C1D32719B5AA130044EB86 /* jb.png */ = {isa = PBXFileReference; lastKnownFileType = image.png; path = jb.png; sourceTree = "<group>"; };
		84C1D32919B5AA2C0044EB86 /* bg_regist_bar.png */ = {isa = PBXFileReference; lastKnownFileType = image.png; path = bg_regist_bar.png; sourceTree = "<group>"; };
		84C1D32B19B5AA3A0044EB86 /* bg_wlhd.png */ = {isa = PBXFileReference; lastKnownFileType = image.png; path = bg_wlhd.png; sourceTree = "<group>"; };
		84C1D32D19B5AAF80044EB86 /* user_default.png */ = {isa = PBXFileReference; lastKnownFileType = image.png; path = user_default.png; sourceTree = "<group>"; };
		84C1D33519B5AF530044EB86 /* Base */ = {isa = PBXFileReference; lastKnownFileType = file.storyboard; name = Base; path = Base.lproj/Main.storyboard; sourceTree = "<group>"; };
		84C1D33919B5BEDB0044EB86 /* MapKit.framework */ = {isa = PBXFileReference; lastKnownFileType = wrapper.framework; name = MapKit.framework; path = System/Library/Frameworks/MapKit.framework; sourceTree = SDKROOT; };
		84CDBE4A19ADB1D300A22226 /* BaseTableViewController.h */ = {isa = PBXFileReference; fileEncoding = 4; lastKnownFileType = sourcecode.c.h; path = BaseTableViewController.h; sourceTree = "<group>"; };
		84CDBE4B19ADB1D300A22226 /* BaseTableViewController.m */ = {isa = PBXFileReference; fileEncoding = 4; lastKnownFileType = sourcecode.c.objc; path = BaseTableViewController.m; sourceTree = "<group>"; };
		84CDBE4D19ADD0BD00A22226 /* icon_mine_02.png */ = {isa = PBXFileReference; lastKnownFileType = image.png; path = icon_mine_02.png; sourceTree = "<group>"; };
		84CDBE4E19ADD0BD00A22226 /* icon_mine_list05.png */ = {isa = PBXFileReference; lastKnownFileType = image.png; path = icon_mine_list05.png; sourceTree = "<group>"; };
		84CDBE4F19ADD0BD00A22226 /* icon_mine_list06.png */ = {isa = PBXFileReference; lastKnownFileType = image.png; path = icon_mine_list06.png; sourceTree = "<group>"; };
		84CDBE5019ADD0BD00A22226 /* icon_mine_04.png */ = {isa = PBXFileReference; lastKnownFileType = image.png; path = icon_mine_04.png; sourceTree = "<group>"; };
		84CDBE5119ADD0BD00A22226 /* icon_mine_list03.png */ = {isa = PBXFileReference; lastKnownFileType = image.png; path = icon_mine_list03.png; sourceTree = "<group>"; };
		84CDBE5219ADD0BD00A22226 /* icon_mine_03.png */ = {isa = PBXFileReference; lastKnownFileType = image.png; path = icon_mine_03.png; sourceTree = "<group>"; };
		84CDBE5319ADD0BD00A22226 /* icon_mine_01.png */ = {isa = PBXFileReference; lastKnownFileType = image.png; path = icon_mine_01.png; sourceTree = "<group>"; };
		84CDBE5419ADD0BD00A22226 /* icon_mine_list04.png */ = {isa = PBXFileReference; lastKnownFileType = image.png; path = icon_mine_list04.png; sourceTree = "<group>"; };
		84CDBE5519ADD0BD00A22226 /* icon_mine_list01.png */ = {isa = PBXFileReference; lastKnownFileType = image.png; path = icon_mine_list01.png; sourceTree = "<group>"; };
		84CDBE5619ADD0BD00A22226 /* icon_mine_list02.png */ = {isa = PBXFileReference; lastKnownFileType = image.png; path = icon_mine_list02.png; sourceTree = "<group>"; };
		84D5156319B468A400356C19 /* btn_mine_setting.png */ = {isa = PBXFileReference; lastKnownFileType = image.png; path = btn_mine_setting.png; sourceTree = "<group>"; };
		84D5156519B46F3A00356C19 /* SettingController.h */ = {isa = PBXFileReference; fileEncoding = 4; lastKnownFileType = sourcecode.c.h; path = SettingController.h; sourceTree = "<group>"; };
		84D5156619B46F3A00356C19 /* SettingController.m */ = {isa = PBXFileReference; fileEncoding = 4; lastKnownFileType = sourcecode.c.objc; path = SettingController.m; sourceTree = "<group>"; };
/* End PBXFileReference section */

/* Begin PBXFrameworksBuildPhase section */
		3A25C93319A5758E002305A0 /* Frameworks */ = {
			isa = PBXFrameworksBuildPhase;
			buildActionMask = 2147483647;
			files = (
				3A4559A519AECDB400EA1169 /* ImageIO.framework in Frameworks */,
				3A232C8219A7458B00173FC7 /* libz.dylib in Frameworks */,
				3A25C93C19A5758E002305A0 /* CoreGraphics.framework in Frameworks */,
				3A25C93E19A5758E002305A0 /* UIKit.framework in Frameworks */,
				84C1D33A19B5BEDB0044EB86 /* MapKit.framework in Frameworks */,
				3A25C93A19A5758E002305A0 /* Foundation.framework in Frameworks */,
			);
			runOnlyForDeploymentPostprocessing = 0;
		};
		3A25C95419A5758E002305A0 /* Frameworks */ = {
			isa = PBXFrameworksBuildPhase;
			buildActionMask = 2147483647;
			files = (
				3A25C95919A5758E002305A0 /* XCTest.framework in Frameworks */,
				3A25C95B19A5758E002305A0 /* UIKit.framework in Frameworks */,
				3A25C95A19A5758E002305A0 /* Foundation.framework in Frameworks */,
			);
			runOnlyForDeploymentPostprocessing = 0;
		};
/* End PBXFrameworksBuildPhase section */

/* Begin PBXGroup section */
		3A232C8819A747D400173FC7 /* JSONKit */ = {
			isa = PBXGroup;
			children = (
				3A232C8919A747D400173FC7 /* JSONKit.h */,
				3A232C8A19A747D400173FC7 /* JSONKit.m */,
			);
			path = JSONKit;
			sourceTree = "<group>";
		};
		3A25C92D19A5758E002305A0 = {
			isa = PBXGroup;
			children = (
				3A25C93F19A5758E002305A0 /* tbswd */,
				3A25C95E19A5758E002305A0 /* tbswdTests */,
				3A25C93819A5758E002305A0 /* Frameworks */,
				3A25C93719A5758E002305A0 /* Products */,
			);
			sourceTree = "<group>";
		};
		3A25C93719A5758E002305A0 /* Products */ = {
			isa = PBXGroup;
			children = (
				3A25C93619A5758E002305A0 /* tbswd.app */,
				3A25C95719A5758E002305A0 /* tbswdTests.xctest */,
			);
			name = Products;
			sourceTree = "<group>";
		};
		3A25C93819A5758E002305A0 /* Frameworks */ = {
			isa = PBXGroup;
			children = (
				84C1D33919B5BEDB0044EB86 /* MapKit.framework */,
				3A4559A419AECDB400EA1169 /* ImageIO.framework */,
				3A232C8119A7458B00173FC7 /* libz.dylib */,
				3A25C93919A5758E002305A0 /* Foundation.framework */,
				3A25C93B19A5758E002305A0 /* CoreGraphics.framework */,
				3A25C93D19A5758E002305A0 /* UIKit.framework */,
				3A25C95819A5758E002305A0 /* XCTest.framework */,
			);
			name = Frameworks;
			sourceTree = "<group>";
		};
		3A25C93F19A5758E002305A0 /* tbswd */ = {
			isa = PBXGroup;
			children = (
				3A25C9B519A57671002305A0 /* Tools */,
				3A25C99819A5766D002305A0 /* Resources */,
				3A25C99419A57668002305A0 /* Models */,
				3A25C96E19A57660002305A0 /* Controllers */,
				3A25C94819A5758E002305A0 /* AppDelegate.h */,
				3A25C94919A5758E002305A0 /* AppDelegate.m */,
				84C1D33419B5AF530044EB86 /* Main.storyboard */,
				3A232C7519A7074000173FC7 /* wenda.storyboard */,
				3A25C95119A5758E002305A0 /* Images.xcassets */,
				3A25C94019A5758E002305A0 /* Supporting Files */,
			);
			path = tbswd;
			sourceTree = "<group>";
		};
		3A25C94019A5758E002305A0 /* Supporting Files */ = {
			isa = PBXGroup;
			children = (
				3A7FB0CA19AAD83A00789A57 /* provinceCity.plist */,
				3A25C94119A5758E002305A0 /* tbswd-Info.plist */,
				3A25C94219A5758E002305A0 /* InfoPlist.strings */,
				3A25C94519A5758E002305A0 /* main.m */,
				3A25C94719A5758E002305A0 /* tbswd-Prefix.pch */,
				8477D4A619AC0A2B002BAEA4 /* messages.plist */,
				8477D4B019AC7BFC002BAEA4 /* reply.plist */,
			);
			name = "Supporting Files";
			sourceTree = "<group>";
		};
		3A25C95E19A5758E002305A0 /* tbswdTests */ = {
			isa = PBXGroup;
			children = (
				3A25C96419A5758E002305A0 /* tbswdTests.m */,
				3A25C95F19A5758E002305A0 /* Supporting Files */,
			);
			path = tbswdTests;
			sourceTree = "<group>";
		};
		3A25C95F19A5758E002305A0 /* Supporting Files */ = {
			isa = PBXGroup;
			children = (
				3A25C96019A5758E002305A0 /* tbswdTests-Info.plist */,
				3A25C96119A5758E002305A0 /* InfoPlist.strings */,
			);
			name = "Supporting Files";
			sourceTree = "<group>";
		};
		3A25C96E19A57660002305A0 /* Controllers */ = {
			isa = PBXGroup;
			children = (
				3A25C96F19A57660002305A0 /* BaseUIViewController.h */,
				3A25C97019A57660002305A0 /* BaseUIViewController.m */,
				84CDBE4A19ADB1D300A22226 /* BaseTableViewController.h */,
				84CDBE4B19ADB1D300A22226 /* BaseTableViewController.m */,
				3A25C97119A57660002305A0 /* Login */,
				3A25C97A19A57660002305A0 /* Main */,
			);
			path = Controllers;
			sourceTree = "<group>";
		};
		3A25C97119A57660002305A0 /* Login */ = {
			isa = PBXGroup;
			children = (
				3A25C97219A57660002305A0 /* IndexController.h */,
				3A25C97319A57660002305A0 /* IndexController.m */,
				3A25C97419A57660002305A0 /* LoginController.h */,
				3A25C97519A57660002305A0 /* LoginController.m */,
				3A25C97619A57660002305A0 /* NewPwdController.h */,
				3A25C97719A57660002305A0 /* NewPwdController.m */,
				3A25C97819A57660002305A0 /* RegisterController.h */,
				3A25C97919A57660002305A0 /* RegisterController.m */,
			);
			path = Login;
			sourceTree = "<group>";
		};
		3A25C97A19A57660002305A0 /* Main */ = {
			isa = PBXGroup;
			children = (
				3A25C97B19A57660002305A0 /* Message */,
				3A25C97E19A57660002305A0 /* Mine */,
				3A25C98119A57660002305A0 /* Reply */,
				3A25C98419A57660002305A0 /* Wenda */,
				3A25C98719A57660002305A0 /* WriteQue */,
			);
			path = Main;
			sourceTree = "<group>";
		};
		3A25C97B19A57660002305A0 /* Message */ = {
			isa = PBXGroup;
			children = (
				3A25C97C19A57660002305A0 /* MessageController.h */,
				3A25C97D19A57660002305A0 /* MessageController.m */,
				8477D4A819AC1971002BAEA4 /* MessageHeader.h */,
				8477D4A919AC1971002BAEA4 /* MessageHeader.m */,
			);
			path = Message;
			sourceTree = "<group>";
		};
		3A25C97E19A57660002305A0 /* Mine */ = {
			isa = PBXGroup;
			children = (
				3A25C97F19A57660002305A0 /* MineController.h */,
				3A25C98019A57660002305A0 /* MineController.m */,
				84D5156519B46F3A00356C19 /* SettingController.h */,
				84D5156619B46F3A00356C19 /* SettingController.m */,
			);
			path = Mine;
			sourceTree = "<group>";
		};
		3A25C98119A57660002305A0 /* Reply */ = {
			isa = PBXGroup;
			children = (
				3A25C98219A57660002305A0 /* ReplyController.h */,
				3A25C98319A57660002305A0 /* ReplyController.m */,
			);
			path = Reply;
			sourceTree = "<group>";
		};
		3A25C98419A57660002305A0 /* Wenda */ = {
			isa = PBXGroup;
			children = (
				3A13857319AC3A9D009D63FF /* QueList.h */,
				3A13857419AC3A9D009D63FF /* QueList.m */,
				3A25C9DE19A58D16002305A0 /* QueListCell.h */,
				3A25C9DF19A58D16002305A0 /* QueListCell.m */,
				3A25C98519A57660002305A0 /* QueListController.h */,
				3A25C98619A57660002305A0 /* QueListController.m */,
				3ABB2ADC19B418320023B064 /* Comment.h */,
				3ABB2ADD19B418320023B064 /* Comment.m */,
				3ABB2AE519B477260023B064 /* Comment.xib */,
				3ABB2AD919B40F140023B064 /* CommnetCell.h */,
				3ABB2ADA19B40F140023B064 /* CommnetCell.m */,
				3A22CB5B19B0253D00D37DE3 /* CommnetDetailController.h */,
				3A22CB5C19B0253D00D37DE3 /* CommnetDetailController.m */,
				3A04D8AD19B55704006E463C /* YcKeyBoardView.h */,
				3A04D8AE19B55704006E463C /* YcKeyBoardView.m */,
			);
			path = Wenda;
			sourceTree = "<group>";
		};
		3A25C98719A57660002305A0 /* WriteQue */ = {
			isa = PBXGroup;
			children = (
				3A25C98819A57660002305A0 /* WriteQueController.h */,
				3A25C98919A57660002305A0 /* WriteQueController.m */,
			);
			path = WriteQue;
			sourceTree = "<group>";
		};
		3A25C99419A57668002305A0 /* Models */ = {
			isa = PBXGroup;
			children = (
				3A25C99519A57668002305A0 /* Config.h */,
				3A25C99619A57668002305A0 /* Config.m */,
			);
			path = Models;
			sourceTree = "<group>";
		};
		3A25C99819A5766D002305A0 /* Resources */ = {
			isa = PBXGroup;
			children = (
				3A25C99919A5766D002305A0 /* Fonts */,
				3A25C99B19A5766D002305A0 /* Images */,
			);
			path = Resources;
			sourceTree = "<group>";
		};
		3A25C99919A5766D002305A0 /* Fonts */ = {
			isa = PBXGroup;
			children = (
				3A04D8B219B5C61B006E463C /* Hiragino Sans GB W3.otf */,
			);
			path = Fonts;
			sourceTree = "<group>";
		};
		3A25C99B19A5766D002305A0 /* Images */ = {
			isa = PBXGroup;
			children = (
				84C1D32D19B5AAF80044EB86 /* user_default.png */,
				84C1D32919B5AA2C0044EB86 /* bg_regist_bar.png */,
				84C1D32519B5AA060044EB86 /* placeholder.png */,
				8477D4AB19AC1B5D002BAEA4 /* arrow.png */,
				84C1D32719B5AA130044EB86 /* jb.png */,
				3A25C99C19A5766D002305A0 /* bg_edit_forget.png */,
				3A25C99D19A5766D002305A0 /* bg_edit_login.png */,
				3A25C99E19A5766D002305A0 /* bg_edit_newpwd.png */,
				3A25C99F19A5766D002305A0 /* bg_edit_register.png */,
				846DCDE219ADD5FE00FE46F2 /* bg_mine_lv.png */,
				8447C8E619B006B0005E43DF /* bg_navbar_orange.png */,
				8447C8E719B006B0005E43DF /* bg_navbar_white.png */,
				3A25C9A119A5766D002305A0 /* bg_page_index.png */,
				3A25C9A219A5766D002305A0 /* btn_back.png */,
				3A25C9A319A5766D002305A0 /* btn_getcode.png */,
				3A25C9A519A5766D002305A0 /* btn_login_tx.png */,
				84C1D32B19B5AA3A0044EB86 /* bg_wlhd.png */,
				3A25C9A619A5766D002305A0 /* btn_login_weibo.png */,
				3A25C9A419A5766D002305A0 /* btn_login.png */,
				845C686C19B564A100AA3D57 /* btn_logout.png */,
				84B5D5D119AEEFE3000197F3 /* btn_mine_checked.png */,
				84D5156319B468A400356C19 /* btn_mine_setting.png */,
				846DCDE419ADD9F300FE46F2 /* btn_mine_uncheck.png */,
				8487F9C519B420ED0008B0DC /* icon_mine_01_gray.png */,
				84CDBE5319ADD0BD00A22226 /* icon_mine_01.png */,
				8487F9C619B420ED0008B0DC /* icon_mine_02_gray.png */,
				84CDBE4D19ADD0BD00A22226 /* icon_mine_02.png */,
				8487F9C419B420ED0008B0DC /* icon_mine_03_gray.png */,
				84CDBE5219ADD0BD00A22226 /* icon_mine_03.png */,
				84CDBE5019ADD0BD00A22226 /* icon_mine_04.png */,
				84CDBE5519ADD0BD00A22226 /* icon_mine_list01.png */,
				84CDBE5619ADD0BD00A22226 /* icon_mine_list02.png */,
				84CDBE5119ADD0BD00A22226 /* icon_mine_list03.png */,
				84CDBE5419ADD0BD00A22226 /* icon_mine_list04.png */,
				84CDBE4E19ADD0BD00A22226 /* icon_mine_list05.png */,
				84CDBE4F19ADD0BD00A22226 /* icon_mine_list06.png */,
				8477D4B319AC810E002BAEA4 /* icon_reply_01.png */,
				8477D4B519AC810E002BAEA4 /* icon_reply_02.png */,
				8477D4B619AC810E002BAEA4 /* icon_reply_03.png */,
				8477D4B419AC810E002BAEA4 /* icon_reply_04.png */,
				8477D4B719AC810E002BAEA4 /* icon_reply_05.png */,
				8477D4B219AC810E002BAEA4 /* icon_reply_06.png */,
				3A25C9A719A5766D002305A0 /* register_logo.png */,
			);
			path = Images;
			sourceTree = "<group>";
		};
		3A25C9B519A57671002305A0 /* Tools */ = {
			isa = PBXGroup;
			children = (
				3A45597019AECC3700EA1169 /* SDWebImage */,
				3A232C8819A747D400173FC7 /* JSONKit */,
				3A25C9E319A5BA72002305A0 /* MJRefresh */,
				3A25C9B619A57671002305A0 /* AFNetworking */,
				3A25C9CA19A57671002305A0 /* GCDiscreetNotificationView.h */,
				3A25C9CB19A57671002305A0 /* GCDiscreetNotificationView.m */,
				3A25C9CC19A57671002305A0 /* MBProgressHUD.h */,
				3A25C9CD19A57671002305A0 /* MBProgressHUD.m */,
				3A25C9CE19A57671002305A0 /* Utils.h */,
				3A25C9CF19A57671002305A0 /* Utils.m */,
				845557F919AAD56600E115AC /* TSRegularExpressionUtils.h */,
				845557FA19AAD56700E115AC /* TSRegularExpressionUtils.m */,
			);
			path = Tools;
			sourceTree = "<group>";
		};
		3A25C9B619A57671002305A0 /* AFNetworking */ = {
			isa = PBXGroup;
			children = (
				3A25C9B719A57671002305A0 /* AFHTTPClient.h */,
				3A25C9B819A57671002305A0 /* AFHTTPClient.m */,
				3A25C9B919A57671002305A0 /* AFHTTPRequestOperation.h */,
				3A25C9BA19A57671002305A0 /* AFHTTPRequestOperation.m */,
				3A25C9BB19A57671002305A0 /* AFImageRequestOperation.h */,
				3A25C9BC19A57671002305A0 /* AFImageRequestOperation.m */,
				3A25C9BD19A57671002305A0 /* AFJSONRequestOperation.h */,
				3A25C9BE19A57671002305A0 /* AFJSONRequestOperation.m */,
				3A25C9BF19A57671002305A0 /* AFNetworkActivityIndicatorManager.h */,
				3A25C9C019A57671002305A0 /* AFNetworkActivityIndicatorManager.m */,
				3A25C9C119A57671002305A0 /* AFNetworking.h */,
				3A25C9C219A57671002305A0 /* AFPropertyListRequestOperation.h */,
				3A25C9C319A57671002305A0 /* AFPropertyListRequestOperation.m */,
				3A25C9C419A57671002305A0 /* AFURLConnectionOperation.h */,
				3A25C9C519A57671002305A0 /* AFURLConnectionOperation.m */,
				3A25C9C619A57671002305A0 /* AFXMLRequestOperation.h */,
				3A25C9C719A57671002305A0 /* AFXMLRequestOperation.m */,
				3A25C9C819A57671002305A0 /* UIImageView+AFNetworking.h */,
				3A25C9C919A57671002305A0 /* UIImageView+AFNetworking.m */,
			);
			path = AFNetworking;
			sourceTree = "<group>";
		};
		3A25C9E319A5BA72002305A0 /* MJRefresh */ = {
			isa = PBXGroup;
			children = (
				3A25C9E419A5BA72002305A0 /* MJRefresh.bundle */,
				3A25C9E519A5BA72002305A0 /* MJRefresh.h */,
				3A25C9E619A5BA72002305A0 /* MJRefreshBaseView.h */,
				3A25C9E719A5BA72002305A0 /* MJRefreshBaseView.m */,
				3A25C9E819A5BA72002305A0 /* MJRefreshConst.h */,
				3A25C9E919A5BA72002305A0 /* MJRefreshConst.m */,
				3A25C9EA19A5BA72002305A0 /* MJRefreshFooterView.h */,
				3A25C9EB19A5BA72002305A0 /* MJRefreshFooterView.m */,
				3A25C9EC19A5BA72002305A0 /* MJRefreshHeaderView.h */,
				3A25C9ED19A5BA72002305A0 /* MJRefreshHeaderView.m */,
				3A25C9EE19A5BA72002305A0 /* UIScrollView+Extension.h */,
				3A25C9EF19A5BA72002305A0 /* UIScrollView+Extension.m */,
				3A25C9F019A5BA72002305A0 /* UIScrollView+MJRefresh.h */,
				3A25C9F119A5BA72002305A0 /* UIScrollView+MJRefresh.m */,
				3A25C9F219A5BA72002305A0 /* UIView+Extension.h */,
				3A25C9F319A5BA72002305A0 /* UIView+Extension.m */,
			);
			path = MJRefresh;
			sourceTree = "<group>";
		};
		3A45597019AECC3700EA1169 /* SDWebImage */ = {
			isa = PBXGroup;
			children = (
				3A45597119AECC3700EA1169 /* MKAnnotationView+WebCache.h */,
				3A45597219AECC3700EA1169 /* MKAnnotationView+WebCache.m */,
				3A45597319AECC3700EA1169 /* NSData+ImageContentType.h */,
				3A45597419AECC3700EA1169 /* NSData+ImageContentType.m */,
				3A45597519AECC3700EA1169 /* SDImageCache.h */,
				3A45597619AECC3700EA1169 /* SDImageCache.m */,
				3A45597719AECC3700EA1169 /* SDWebImageCompat.h */,
				3A45597819AECC3700EA1169 /* SDWebImageCompat.m */,
				3A45597919AECC3700EA1169 /* SDWebImageDecoder.h */,
				3A45597A19AECC3700EA1169 /* SDWebImageDecoder.m */,
				3A45597B19AECC3700EA1169 /* SDWebImageDownloader.h */,
				3A45597C19AECC3700EA1169 /* SDWebImageDownloader.m */,
				3A45597D19AECC3700EA1169 /* SDWebImageDownloaderOperation.h */,
				3A45597E19AECC3700EA1169 /* SDWebImageDownloaderOperation.m */,
				3A45597F19AECC3700EA1169 /* SDWebImageManager.h */,
				3A45598019AECC3700EA1169 /* SDWebImageManager.m */,
				3A45598119AECC3700EA1169 /* SDWebImageOperation.h */,
				3A45598219AECC3700EA1169 /* SDWebImagePrefetcher.h */,
				3A45598319AECC3700EA1169 /* SDWebImagePrefetcher.m */,
				3A45598419AECC3700EA1169 /* UIButton+WebCache.h */,
				3A45598519AECC3700EA1169 /* UIButton+WebCache.m */,
				3A45598619AECC3700EA1169 /* UIImage+GIF.h */,
				3A45598719AECC3700EA1169 /* UIImage+GIF.m */,
				3A45598819AECC3700EA1169 /* UIImage+MultiFormat.h */,
				3A45598919AECC3700EA1169 /* UIImage+MultiFormat.m */,
				3A45598A19AECC3700EA1169 /* UIImage+WebP.h */,
				3A45598B19AECC3700EA1169 /* UIImage+WebP.m */,
				3A45598C19AECC3700EA1169 /* UIImageView+HighlightedWebCache.h */,
				3A45598D19AECC3700EA1169 /* UIImageView+HighlightedWebCache.m */,
				3A45598E19AECC3700EA1169 /* UIImageView+WebCache.h */,
				3A45598F19AECC3700EA1169 /* UIImageView+WebCache.m */,
				3A45599019AECC3700EA1169 /* UIView+WebCacheOperation.h */,
				3A45599119AECC3700EA1169 /* UIView+WebCacheOperation.m */,
			);
			path = SDWebImage;
			sourceTree = "<group>";
		};
/* End PBXGroup section */

/* Begin PBXNativeTarget section */
		3A25C93519A5758E002305A0 /* tbswd */ = {
			isa = PBXNativeTarget;
			buildConfigurationList = 3A25C96819A5758E002305A0 /* Build configuration list for PBXNativeTarget "tbswd" */;
			buildPhases = (
				3A25C93219A5758E002305A0 /* Sources */,
				3A25C93319A5758E002305A0 /* Frameworks */,
				3A25C93419A5758E002305A0 /* Resources */,
			);
			buildRules = (
			);
			dependencies = (
			);
			name = tbswd;
			productName = tbswd;
			productReference = 3A25C93619A5758E002305A0 /* tbswd.app */;
			productType = "com.apple.product-type.application";
		};
		3A25C95619A5758E002305A0 /* tbswdTests */ = {
			isa = PBXNativeTarget;
			buildConfigurationList = 3A25C96B19A5758E002305A0 /* Build configuration list for PBXNativeTarget "tbswdTests" */;
			buildPhases = (
				3A25C95319A5758E002305A0 /* Sources */,
				3A25C95419A5758E002305A0 /* Frameworks */,
				3A25C95519A5758E002305A0 /* Resources */,
			);
			buildRules = (
			);
			dependencies = (
				3A25C95D19A5758E002305A0 /* PBXTargetDependency */,
				845C686F19B5881E00AA3D57 /* PBXTargetDependency */,
			);
			name = tbswdTests;
			productName = tbswdTests;
			productReference = 3A25C95719A5758E002305A0 /* tbswdTests.xctest */;
			productType = "com.apple.product-type.bundle.unit-test";
		};
/* End PBXNativeTarget section */

/* Begin PBXProject section */
		3A25C92E19A5758E002305A0 /* Project object */ = {
			isa = PBXProject;
			attributes = {
				LastUpgradeCheck = 0510;
				ORGANIZATIONNAME = tobosu;
				TargetAttributes = {
					3A25C93519A5758E002305A0 = {
						SystemCapabilities = {
							com.apple.Maps.iOS = {
								enabled = 1;
							};
						};
					};
					3A25C95619A5758E002305A0 = {
						TestTargetID = 3A25C93519A5758E002305A0;
					};
				};
			};
			buildConfigurationList = 3A25C93119A5758E002305A0 /* Build configuration list for PBXProject "tbswd" */;
			compatibilityVersion = "Xcode 3.2";
			developmentRegion = English;
			hasScannedForEncodings = 0;
			knownRegions = (
				en,
				Base,
			);
			mainGroup = 3A25C92D19A5758E002305A0;
			productRefGroup = 3A25C93719A5758E002305A0 /* Products */;
			projectDirPath = "";
			projectRoot = "";
			targets = (
				3A25C93519A5758E002305A0 /* tbswd */,
				3A25C95619A5758E002305A0 /* tbswdTests */,
			);
		};
/* End PBXProject section */

/* Begin PBXResourcesBuildPhase section */
		3A25C93419A5758E002305A0 /* Resources */ = {
			isa = PBXResourcesBuildPhase;
			buildActionMask = 2147483647;
			files = (
				3AC2FF8619B6A02A00CA9937 /* Hiragino Sans GB W3.otf in Resources */,
				84C1D33019B5AE720044EB86 /* wenda.storyboard in Resources */,
				84D5156419B468A400356C19 /* btn_mine_setting.png in Resources */,
				3A25C95219A5758E002305A0 /* Images.xcassets in Resources */,
				845C686D19B564A100AA3D57 /* btn_logout.png in Resources */,
				846DCDE519ADD9F400FE46F2 /* btn_mine_uncheck.png in Resources */,
				84CDBE5819ADD0BD00A22226 /* icon_mine_list05.png in Resources */,
				3A25C9AF19A5766D002305A0 /* btn_back.png in Resources */,
				3A25C9AC19A5766D002305A0 /* bg_edit_register.png in Resources */,
				84CDBE5E19ADD0BD00A22226 /* icon_mine_list04.png in Resources */,
				8477D4AC19AC1B5D002BAEA4 /* arrow.png in Resources */,
				8477D4B119AC7BFC002BAEA4 /* reply.plist in Resources */,
				3A25C94419A5758E002305A0 /* InfoPlist.strings in Resources */,
				84CDBE5C19ADD0BD00A22226 /* icon_mine_03.png in Resources */,
				84C1D32A19B5AA2C0044EB86 /* bg_regist_bar.png in Resources */,
				3A25C9F419A5BA72002305A0 /* MJRefresh.bundle in Resources */,
				84CDBE5A19ADD0BD00A22226 /* icon_mine_04.png in Resources */,
				8477D4BD19AC810E002BAEA4 /* icon_reply_05.png in Resources */,
				84CDBE5F19ADD0BD00A22226 /* icon_mine_list01.png in Resources */,
				84CDBE5919ADD0BD00A22226 /* icon_mine_list06.png in Resources */,
				84CDBE6019ADD0BD00A22226 /* icon_mine_list02.png in Resources */,
				3A25C9B219A5766D002305A0 /* btn_login_tx.png in Resources */,
				84B5D5D219AEEFE3000197F3 /* btn_mine_checked.png in Resources */,
				8447C8E819B006B0005E43DF /* bg_navbar_orange.png in Resources */,
				84C1D32819B5AA130044EB86 /* jb.png in Resources */,
				8487F9C719B420ED0008B0DC /* icon_mine_03_gray.png in Resources */,
				3A25C9AB19A5766D002305A0 /* bg_edit_newpwd.png in Resources */,
				84CDBE5D19ADD0BD00A22226 /* icon_mine_01.png in Resources */,
				8477D4BB19AC810E002BAEA4 /* icon_reply_02.png in Resources */,
				3A25C9AE19A5766D002305A0 /* bg_page_index.png in Resources */,
				8487F9C919B420ED0008B0DC /* icon_mine_02_gray.png in Resources */,
				8477D4B919AC810E002BAEA4 /* icon_reply_01.png in Resources */,
				8447C8E919B006B0005E43DF /* bg_navbar_white.png in Resources */,
				846DCDE319ADD5FE00FE46F2 /* bg_mine_lv.png in Resources */,
				8487F9C819B420ED0008B0DC /* icon_mine_01_gray.png in Resources */,
				3A25C9A919A5766D002305A0 /* bg_edit_forget.png in Resources */,
				3A25C9B419A5766D002305A0 /* register_logo.png in Resources */,
				84C1D32619B5AA060044EB86 /* placeholder.png in Resources */,
				84C1D32C19B5AA3A0044EB86 /* bg_wlhd.png in Resources */,
				3A25C9B019A5766D002305A0 /* btn_getcode.png in Resources */,
				84C1D32E19B5AAF80044EB86 /* user_default.png in Resources */,
				8477D4A719AC0A2B002BAEA4 /* messages.plist in Resources */,
				8477D4B819AC810E002BAEA4 /* icon_reply_06.png in Resources */,
				84CDBE5B19ADD0BD00A22226 /* icon_mine_list03.png in Resources */,
				3A25C9B319A5766D002305A0 /* btn_login_weibo.png in Resources */,
				84CDBE5719ADD0BD00A22226 /* icon_mine_02.png in Resources */,
				8477D4BC19AC810E002BAEA4 /* icon_reply_03.png in Resources */,
				8477D4BA19AC810E002BAEA4 /* icon_reply_04.png in Resources */,
				3A7FB0CB19AAD83A00789A57 /* provinceCity.plist in Resources */,
				3A25C9AA19A5766D002305A0 /* bg_edit_login.png in Resources */,
				3A25C9B119A5766D002305A0 /* btn_login.png in Resources */,
			);
			runOnlyForDeploymentPostprocessing = 0;
		};
		3A25C95519A5758E002305A0 /* Resources */ = {
			isa = PBXResourcesBuildPhase;
			buildActionMask = 2147483647;
			files = (
				3A25C96319A5758E002305A0 /* InfoPlist.strings in Resources */,
			);
			runOnlyForDeploymentPostprocessing = 0;
		};
/* End PBXResourcesBuildPhase section */

/* Begin PBXSourcesBuildPhase section */
		3A25C93219A5758E002305A0 /* Sources */ = {
			isa = PBXSourcesBuildPhase;
			buildActionMask = 2147483647;
			files = (
				3A25C98E19A57660002305A0 /* RegisterController.m in Sources */,
				3A45599E19AECC3700EA1169 /* UIImage+WebP.m in Sources */,
				3A45599B19AECC3700EA1169 /* UIButton+WebCache.m in Sources */,
				3A25C99219A57660002305A0 /* QueListController.m in Sources */,
				3A25C9DB19A57671002305A0 /* Utils.m in Sources */,
				3A13857519AC3A9D009D63FF /* QueList.m in Sources */,
				3A25C98B19A57660002305A0 /* IndexController.m in Sources */,
				3A232C8B19A747D400173FC7 /* JSONKit.m in Sources */,
				3A25C9D419A57671002305A0 /* AFNetworkActivityIndicatorManager.m in Sources */,
				3A45599419AECC3700EA1169 /* SDImageCache.m in Sources */,
				3A25C9D819A57671002305A0 /* UIImageView+AFNetworking.m in Sources */,
				3A45599319AECC3700EA1169 /* NSData+ImageContentType.m in Sources */,
				3A25C9F819A5BA72002305A0 /* MJRefreshHeaderView.m in Sources */,
				3A25C9F919A5BA72002305A0 /* UIScrollView+Extension.m in Sources */,
				3A45599219AECC3700EA1169 /* MKAnnotationView+WebCache.m in Sources */,
				3A25C9F519A5BA72002305A0 /* MJRefreshBaseView.m in Sources */,
				3A25C9D119A57671002305A0 /* AFHTTPRequestOperation.m in Sources */,
				84CDBE4C19ADB1D300A22226 /* BaseTableViewController.m in Sources */,
				3A25C9E019A58D16002305A0 /* QueListCell.m in Sources */,
				3A25C9D219A57671002305A0 /* AFImageRequestOperation.m in Sources */,
				3A45599819AECC3700EA1169 /* SDWebImageDownloaderOperation.m in Sources */,
				3A04D8AF19B55704006E463C /* YcKeyBoardView.m in Sources */,
				3A25C9FA19A5BA72002305A0 /* UIScrollView+MJRefresh.m in Sources */,
				3A25C9D619A57671002305A0 /* AFURLConnectionOperation.m in Sources */,
				3A25C98A19A57660002305A0 /* BaseUIViewController.m in Sources */,
				3A45599519AECC3700EA1169 /* SDWebImageCompat.m in Sources */,
				3A25C9D019A57671002305A0 /* AFHTTPClient.m in Sources */,
				3A45599C19AECC3700EA1169 /* UIImage+GIF.m in Sources */,
				3A45599F19AECC3700EA1169 /* UIImageView+HighlightedWebCache.m in Sources */,
				3A25C98D19A57660002305A0 /* NewPwdController.m in Sources */,
				3A45599D19AECC3700EA1169 /* UIImage+MultiFormat.m in Sources */,
				3A22CB5D19B0253D00D37DE3 /* CommnetDetailController.m in Sources */,
				3A25C99319A57660002305A0 /* WriteQueController.m in Sources */,
				3A25C9F719A5BA72002305A0 /* MJRefreshFooterView.m in Sources */,
				3A25C99719A57668002305A0 /* Config.m in Sources */,
				3ABB2ADB19B40F140023B064 /* CommnetCell.m in Sources */,
				3A45599919AECC3700EA1169 /* SDWebImageManager.m in Sources */,
				3A45599619AECC3700EA1169 /* SDWebImageDecoder.m in Sources */,
				3A25C9D919A57671002305A0 /* GCDiscreetNotificationView.m in Sources */,
				8477D4AA19AC1971002BAEA4 /* MessageHeader.m in Sources */,
				3A25C99119A57660002305A0 /* ReplyController.m in Sources */,
				3ABB2ADE19B418320023B064 /* Comment.m in Sources */,
				3A25C98F19A57660002305A0 /* MessageController.m in Sources */,
				3A45599719AECC3700EA1169 /* SDWebImageDownloader.m in Sources */,
				3A4559A119AECC3700EA1169 /* UIView+WebCacheOperation.m in Sources */,
				3A25C9DA19A57671002305A0 /* MBProgressHUD.m in Sources */,
				3A25C9FB19A5BA72002305A0 /* UIView+Extension.m in Sources */,
				84D5156719B46F3A00356C19 /* SettingController.m in Sources */,
				3A25C94A19A5758E002305A0 /* AppDelegate.m in Sources */,
				3A25C9D719A57671002305A0 /* AFXMLRequestOperation.m in Sources */,
				3A45599A19AECC3700EA1169 /* SDWebImagePrefetcher.m in Sources */,
				845557FB19AAD56700E115AC /* TSRegularExpressionUtils.m in Sources */,
				3A25C9D319A57671002305A0 /* AFJSONRequestOperation.m in Sources */,
				3A25C94619A5758E002305A0 /* main.m in Sources */,
				3A25C9F619A5BA72002305A0 /* MJRefreshConst.m in Sources */,
				3A25C99019A57660002305A0 /* MineController.m in Sources */,
				3A25C9D519A57671002305A0 /* AFPropertyListRequestOperation.m in Sources */,
				3A25C98C19A57660002305A0 /* LoginController.m in Sources */,
			);
			runOnlyForDeploymentPostprocessing = 0;
		};
		3A25C95319A5758E002305A0 /* Sources */ = {
			isa = PBXSourcesBuildPhase;
			buildActionMask = 2147483647;
			files = (
				3A25C96519A5758E002305A0 /* tbswdTests.m in Sources */,
			);
			runOnlyForDeploymentPostprocessing = 0;
		};
/* End PBXSourcesBuildPhase section */

/* Begin PBXTargetDependency section */
		3A25C95D19A5758E002305A0 /* PBXTargetDependency */ = {
			isa = PBXTargetDependency;
			target = 3A25C93519A5758E002305A0 /* tbswd */;
			targetProxy = 3A25C95C19A5758E002305A0 /* PBXContainerItemProxy */;
		};
		845C686F19B5881E00AA3D57 /* PBXTargetDependency */ = {
			isa = PBXTargetDependency;
			target = 3A25C93519A5758E002305A0 /* tbswd */;
			targetProxy = 845C686E19B5881E00AA3D57 /* PBXContainerItemProxy */;
		};
/* End PBXTargetDependency section */

/* Begin PBXVariantGroup section */
		3A25C94219A5758E002305A0 /* InfoPlist.strings */ = {
			isa = PBXVariantGroup;
			children = (
				3A25C94319A5758E002305A0 /* en */,
			);
			name = InfoPlist.strings;
			sourceTree = "<group>";
		};
		3A25C96119A5758E002305A0 /* InfoPlist.strings */ = {
			isa = PBXVariantGroup;
			children = (
				3A25C96219A5758E002305A0 /* en */,
			);
			name = InfoPlist.strings;
			sourceTree = "<group>";
		};
		84C1D33419B5AF530044EB86 /* Main.storyboard */ = {
			isa = PBXVariantGroup;
			children = (
				84C1D33519B5AF530044EB86 /* Base */,
			);
			name = Main.storyboard;
			sourceTree = "<group>";
		};
/* End PBXVariantGroup section */

/* Begin XCBuildConfiguration section */
		3A25C96619A5758E002305A0 /* Debug */ = {
			isa = XCBuildConfiguration;
			buildSettings = {
				ALWAYS_SEARCH_USER_PATHS = NO;
				CLANG_CXX_LANGUAGE_STANDARD = "gnu++0x";
				CLANG_CXX_LIBRARY = "libc++";
				CLANG_ENABLE_MODULES = YES;
				CLANG_ENABLE_OBJC_ARC = YES;
				CLANG_WARN_BOOL_CONVERSION = YES;
				CLANG_WARN_CONSTANT_CONVERSION = YES;
				CLANG_WARN_DIRECT_OBJC_ISA_USAGE = YES_ERROR;
				CLANG_WARN_EMPTY_BODY = YES;
				CLANG_WARN_ENUM_CONVERSION = YES;
				CLANG_WARN_INT_CONVERSION = YES;
				CLANG_WARN_OBJC_ROOT_CLASS = YES_ERROR;
				CLANG_WARN__DUPLICATE_METHOD_MATCH = YES;
				"CODE_SIGN_IDENTITY[sdk=iphoneos*]" = "iPhone Developer";
				COPY_PHASE_STRIP = NO;
				GCC_C_LANGUAGE_STANDARD = gnu99;
				GCC_DYNAMIC_NO_PIC = NO;
				GCC_OPTIMIZATION_LEVEL = 0;
				GCC_PREPROCESSOR_DEFINITIONS = (
					"DEBUG=1",
					"$(inherited)",
				);
				GCC_SYMBOLS_PRIVATE_EXTERN = NO;
				GCC_WARN_64_TO_32_BIT_CONVERSION = YES;
				GCC_WARN_ABOUT_RETURN_TYPE = YES_ERROR;
				GCC_WARN_UNDECLARED_SELECTOR = YES;
				GCC_WARN_UNINITIALIZED_AUTOS = YES_AGGRESSIVE;
				GCC_WARN_UNUSED_FUNCTION = YES;
				GCC_WARN_UNUSED_VARIABLE = YES;
				IPHONEOS_DEPLOYMENT_TARGET = 7.1;
				ONLY_ACTIVE_ARCH = YES;
				SDKROOT = iphoneos;
			};
			name = Debug;
		};
		3A25C96719A5758E002305A0 /* Release */ = {
			isa = XCBuildConfiguration;
			buildSettings = {
				ALWAYS_SEARCH_USER_PATHS = NO;
				CLANG_CXX_LANGUAGE_STANDARD = "gnu++0x";
				CLANG_CXX_LIBRARY = "libc++";
				CLANG_ENABLE_MODULES = YES;
				CLANG_ENABLE_OBJC_ARC = YES;
				CLANG_WARN_BOOL_CONVERSION = YES;
				CLANG_WARN_CONSTANT_CONVERSION = YES;
				CLANG_WARN_DIRECT_OBJC_ISA_USAGE = YES_ERROR;
				CLANG_WARN_EMPTY_BODY = YES;
				CLANG_WARN_ENUM_CONVERSION = YES;
				CLANG_WARN_INT_CONVERSION = YES;
				CLANG_WARN_OBJC_ROOT_CLASS = YES_ERROR;
				CLANG_WARN__DUPLICATE_METHOD_MATCH = YES;
				"CODE_SIGN_IDENTITY[sdk=iphoneos*]" = "iPhone Developer";
				COPY_PHASE_STRIP = YES;
				ENABLE_NS_ASSERTIONS = NO;
				GCC_C_LANGUAGE_STANDARD = gnu99;
				GCC_WARN_64_TO_32_BIT_CONVERSION = YES;
				GCC_WARN_ABOUT_RETURN_TYPE = YES_ERROR;
				GCC_WARN_UNDECLARED_SELECTOR = YES;
				GCC_WARN_UNINITIALIZED_AUTOS = YES_AGGRESSIVE;
				GCC_WARN_UNUSED_FUNCTION = YES;
				GCC_WARN_UNUSED_VARIABLE = YES;
				IPHONEOS_DEPLOYMENT_TARGET = 7.1;
				SDKROOT = iphoneos;
				VALIDATE_PRODUCT = YES;
			};
			name = Release;
		};
		3A25C96919A5758E002305A0 /* Debug */ = {
			isa = XCBuildConfiguration;
			buildSettings = {
				ASSETCATALOG_COMPILER_APPICON_NAME = AppIcon;
				ASSETCATALOG_COMPILER_LAUNCHIMAGE_NAME = LaunchImage;
				GCC_PRECOMPILE_PREFIX_HEADER = YES;
				GCC_PREFIX_HEADER = "tbswd/tbswd-Prefix.pch";
				INFOPLIST_FILE = "tbswd/tbswd-Info.plist";
				IPHONEOS_DEPLOYMENT_TARGET = 7.1;
				PRODUCT_NAME = "$(TARGET_NAME)";
				WRAPPER_EXTENSION = app;
			};
			name = Debug;
		};
		3A25C96A19A5758E002305A0 /* Release */ = {
			isa = XCBuildConfiguration;
			buildSettings = {
				ASSETCATALOG_COMPILER_APPICON_NAME = AppIcon;
				ASSETCATALOG_COMPILER_LAUNCHIMAGE_NAME = LaunchImage;
				GCC_PRECOMPILE_PREFIX_HEADER = YES;
				GCC_PREFIX_HEADER = "tbswd/tbswd-Prefix.pch";
				INFOPLIST_FILE = "tbswd/tbswd-Info.plist";
				IPHONEOS_DEPLOYMENT_TARGET = 7.1;
				PRODUCT_NAME = "$(TARGET_NAME)";
				WRAPPER_EXTENSION = app;
			};
			name = Release;
		};
		3A25C96C19A5758E002305A0 /* Debug */ = {
			isa = XCBuildConfiguration;
			buildSettings = {
				BUNDLE_LOADER = "$(BUILT_PRODUCTS_DIR)/tbswd.app/tbswd";
				FRAMEWORK_SEARCH_PATHS = (
					"$(SDKROOT)/Developer/Library/Frameworks",
					"$(inherited)",
					"$(DEVELOPER_FRAMEWORKS_DIR)",
				);
				GCC_PRECOMPILE_PREFIX_HEADER = YES;
				GCC_PREFIX_HEADER = "tbswd/tbswd-Prefix.pch";
				GCC_PREPROCESSOR_DEFINITIONS = (
					"DEBUG=1",
					"$(inherited)",
				);
				INFOPLIST_FILE = "tbswdTests/tbswdTests-Info.plist";
				PRODUCT_NAME = "$(TARGET_NAME)";
				TEST_HOST = "$(BUNDLE_LOADER)";
				WRAPPER_EXTENSION = xctest;
			};
			name = Debug;
		};
		3A25C96D19A5758E002305A0 /* Release */ = {
			isa = XCBuildConfiguration;
			buildSettings = {
				BUNDLE_LOADER = "$(BUILT_PRODUCTS_DIR)/tbswd.app/tbswd";
				FRAMEWORK_SEARCH_PATHS = (
					"$(SDKROOT)/Developer/Library/Frameworks",
					"$(inherited)",
					"$(DEVELOPER_FRAMEWORKS_DIR)",
				);
				GCC_PRECOMPILE_PREFIX_HEADER = YES;
				GCC_PREFIX_HEADER = "tbswd/tbswd-Prefix.pch";
				INFOPLIST_FILE = "tbswdTests/tbswdTests-Info.plist";
				PRODUCT_NAME = "$(TARGET_NAME)";
				TEST_HOST = "$(BUNDLE_LOADER)";
				WRAPPER_EXTENSION = xctest;
			};
			name = Release;
		};
/* End XCBuildConfiguration section */

/* Begin XCConfigurationList section */
		3A25C93119A5758E002305A0 /* Build configuration list for PBXProject "tbswd" */ = {
			isa = XCConfigurationList;
			buildConfigurations = (
				3A25C96619A5758E002305A0 /* Debug */,
				3A25C96719A5758E002305A0 /* Release */,
			);
			defaultConfigurationIsVisible = 0;
			defaultConfigurationName = Release;
		};
		3A25C96819A5758E002305A0 /* Build configuration list for PBXNativeTarget "tbswd" */ = {
			isa = XCConfigurationList;
			buildConfigurations = (
				3A25C96919A5758E002305A0 /* Debug */,
				3A25C96A19A5758E002305A0 /* Release */,
			);
			defaultConfigurationIsVisible = 0;
			defaultConfigurationName = Release;
		};
		3A25C96B19A5758E002305A0 /* Build configuration list for PBXNativeTarget "tbswdTests" */ = {
			isa = XCConfigurationList;
			buildConfigurations = (
				3A25C96C19A5758E002305A0 /* Debug */,
				3A25C96D19A5758E002305A0 /* Release */,
			);
			defaultConfigurationIsVisible = 0;
			defaultConfigurationName = Release;
		};
/* End XCConfigurationList section */
	};
	rootObject = 3A25C92E19A5758E002305A0 /* Project object */;
}
